// !$*UTF8*$!
{
	archiveVersion = 1;
	classes = {
	};
	objectVersion = 46;
	objects = {

/* Begin PBXBuildFile section */
		62889F0F1D3E54F400F217BD /* CTAssetsPicker.h in Headers */ = {isa = PBXBuildFile; fileRef = 62889F0E1D3E54F400F217BD /* CTAssetsPicker.h */; settings = {ATTRIBUTES = (Public, ); }; };
		62889FB91D3E59FC00F217BD /* PureLayout.framework in Frameworks */ = {isa = PBXBuildFile; fileRef = 62889FB81D3E59FC00F217BD /* PureLayout.framework */; };
		6288A01A1D3E657800F217BD /* CTAssetsPageViewController+Internal.h in Headers */ = {isa = PBXBuildFile; fileRef = 62889FBC1D3E657800F217BD /* CTAssetsPageViewController+Internal.h */; settings = {ATTRIBUTES = (Private, ); }; };
		6288A01B1D3E657800F217BD /* CTAssetsPickerController+Internal.h in Headers */ = {isa = PBXBuildFile; fileRef = 62889FBD1D3E657800F217BD /* CTAssetsPickerController+Internal.h */; settings = {ATTRIBUTES = (Private, ); }; };
		6288A01C1D3E657800F217BD /* NSBundle+CTAssetsPickerController.h in Headers */ = {isa = PBXBuildFile; fileRef = 62889FBE1D3E657800F217BD /* NSBundle+CTAssetsPickerController.h */; settings = {ATTRIBUTES = (Private, ); }; };
		6288A01D1D3E657800F217BD /* NSBundle+CTAssetsPickerController.m in Sources */ = {isa = PBXBuildFile; fileRef = 62889FBF1D3E657800F217BD /* NSBundle+CTAssetsPickerController.m */; };
		6288A01E1D3E657800F217BD /* NSDateFormatter+CTAssetsPickerController.h in Headers */ = {isa = PBXBuildFile; fileRef = 62889FC01D3E657800F217BD /* NSDateFormatter+CTAssetsPickerController.h */; settings = {ATTRIBUTES = (Private, ); }; };
		6288A01F1D3E657800F217BD /* NSDateFormatter+CTAssetsPickerController.m in Sources */ = {isa = PBXBuildFile; fileRef = 62889FC11D3E657800F217BD /* NSDateFormatter+CTAssetsPickerController.m */; };
		6288A0201D3E657800F217BD /* NSIndexSet+CTAssetsPickerController.h in Headers */ = {isa = PBXBuildFile; fileRef = 62889FC21D3E657800F217BD /* NSIndexSet+CTAssetsPickerController.h */; settings = {ATTRIBUTES = (Private, ); }; };
		6288A0211D3E657800F217BD /* NSIndexSet+CTAssetsPickerController.m in Sources */ = {isa = PBXBuildFile; fileRef = 62889FC31D3E657800F217BD /* NSIndexSet+CTAssetsPickerController.m */; };
		6288A0221D3E657800F217BD /* NSNumberFormatter+CTAssetsPickerController.h in Headers */ = {isa = PBXBuildFile; fileRef = 62889FC41D3E657800F217BD /* NSNumberFormatter+CTAssetsPickerController.h */; settings = {ATTRIBUTES = (Private, ); }; };
		6288A0231D3E657800F217BD /* NSNumberFormatter+CTAssetsPickerController.m in Sources */ = {isa = PBXBuildFile; fileRef = 62889FC51D3E657800F217BD /* NSNumberFormatter+CTAssetsPickerController.m */; };
		6288A0241D3E657800F217BD /* PHAsset+CTAssetsPickerController.h in Headers */ = {isa = PBXBuildFile; fileRef = 62889FC61D3E657800F217BD /* PHAsset+CTAssetsPickerController.h */; settings = {ATTRIBUTES = (Private, ); }; };
		6288A0251D3E657800F217BD /* PHAsset+CTAssetsPickerController.m in Sources */ = {isa = PBXBuildFile; fileRef = 62889FC71D3E657800F217BD /* PHAsset+CTAssetsPickerController.m */; };
		6288A0261D3E657800F217BD /* PHAssetCollection+CTAssetsPickerController.h in Headers */ = {isa = PBXBuildFile; fileRef = 62889FC81D3E657800F217BD /* PHAssetCollection+CTAssetsPickerController.h */; settings = {ATTRIBUTES = (Private, ); }; };
		6288A0271D3E657800F217BD /* PHAssetCollection+CTAssetsPickerController.m in Sources */ = {isa = PBXBuildFile; fileRef = 62889FC91D3E657800F217BD /* PHAssetCollection+CTAssetsPickerController.m */; };
		6288A0281D3E657800F217BD /* PHImageManager+CTAssetsPickerController.h in Headers */ = {isa = PBXBuildFile; fileRef = 62889FCA1D3E657800F217BD /* PHImageManager+CTAssetsPickerController.h */; settings = {ATTRIBUTES = (Private, ); }; };
		6288A0291D3E657800F217BD /* PHImageManager+CTAssetsPickerController.m in Sources */ = {isa = PBXBuildFile; fileRef = 62889FCB1D3E657800F217BD /* PHImageManager+CTAssetsPickerController.m */; };
		6288A02A1D3E657800F217BD /* UICollectionView+CTAssetsPickerController.h in Headers */ = {isa = PBXBuildFile; fileRef = 62889FCC1D3E657800F217BD /* UICollectionView+CTAssetsPickerController.h */; settings = {ATTRIBUTES = (Private, ); }; };
		6288A02B1D3E657800F217BD /* UICollectionView+CTAssetsPickerController.m in Sources */ = {isa = PBXBuildFile; fileRef = 62889FCD1D3E657800F217BD /* UICollectionView+CTAssetsPickerController.m */; };
		6288A02C1D3E657800F217BD /* UIImage+CTAssetsPickerController.h in Headers */ = {isa = PBXBuildFile; fileRef = 62889FCE1D3E657800F217BD /* UIImage+CTAssetsPickerController.h */; settings = {ATTRIBUTES = (Private, ); }; };
		6288A02D1D3E657800F217BD /* UIImage+CTAssetsPickerController.m in Sources */ = {isa = PBXBuildFile; fileRef = 62889FCF1D3E657800F217BD /* UIImage+CTAssetsPickerController.m */; };
		6288A02E1D3E657800F217BD /* CTAssetCheckmark.h in Headers */ = {isa = PBXBuildFile; fileRef = 62889FD01D3E657800F217BD /* CTAssetCheckmark.h */; settings = {ATTRIBUTES = (Public, ); }; };
		6288A02F1D3E657800F217BD /* CTAssetCheckmark.m in Sources */ = {isa = PBXBuildFile; fileRef = 62889FD11D3E657800F217BD /* CTAssetCheckmark.m */; };
		6288A0301D3E657800F217BD /* CTAssetCollectionViewCell.h in Headers */ = {isa = PBXBuildFile; fileRef = 62889FD21D3E657800F217BD /* CTAssetCollectionViewCell.h */; settings = {ATTRIBUTES = (Public, ); }; };
		6288A0311D3E657800F217BD /* CTAssetCollectionViewCell.m in Sources */ = {isa = PBXBuildFile; fileRef = 62889FD31D3E657800F217BD /* CTAssetCollectionViewCell.m */; };
		6288A0321D3E657800F217BD /* CTAssetCollectionViewController.h in Headers */ = {isa = PBXBuildFile; fileRef = 62889FD41D3E657800F217BD /* CTAssetCollectionViewController.h */; settings = {ATTRIBUTES = (Public, ); }; };
		6288A0331D3E657800F217BD /* CTAssetCollectionViewController.m in Sources */ = {isa = PBXBuildFile; fileRef = 62889FD51D3E657800F217BD /* CTAssetCollectionViewController.m */; };
		6288A0341D3E657800F217BD /* CTAssetItemViewController.h in Headers */ = {isa = PBXBuildFile; fileRef = 62889FD61D3E657800F217BD /* CTAssetItemViewController.h */; settings = {ATTRIBUTES = (Public, ); }; };
		6288A0351D3E657800F217BD /* CTAssetItemViewController.m in Sources */ = {isa = PBXBuildFile; fileRef = 62889FD71D3E657800F217BD /* CTAssetItemViewController.m */; };
		6288A0361D3E657800F217BD /* CTAssetPlayButton.h in Headers */ = {isa = PBXBuildFile; fileRef = 62889FD81D3E657800F217BD /* CTAssetPlayButton.h */; settings = {ATTRIBUTES = (Public, ); }; };
		6288A0371D3E657800F217BD /* CTAssetPlayButton.m in Sources */ = {isa = PBXBuildFile; fileRef = 62889FD91D3E657800F217BD /* CTAssetPlayButton.m */; };
		6288A0381D3E657800F217BD /* CTAssetScrollView.h in Headers */ = {isa = PBXBuildFile; fileRef = 62889FDA1D3E657800F217BD /* CTAssetScrollView.h */; settings = {ATTRIBUTES = (Public, ); }; };
		6288A0391D3E657800F217BD /* CTAssetScrollView.m in Sources */ = {isa = PBXBuildFile; fileRef = 62889FDB1D3E657800F217BD /* CTAssetScrollView.m */; };
		6288A03A1D3E657800F217BD /* CTAssetSelectionButton.h in Headers */ = {isa = PBXBuildFile; fileRef = 62889FDC1D3E657800F217BD /* CTAssetSelectionButton.h */; settings = {ATTRIBUTES = (Public, ); }; };
		6288A03B1D3E657800F217BD /* CTAssetSelectionButton.m in Sources */ = {isa = PBXBuildFile; fileRef = 62889FDD1D3E657800F217BD /* CTAssetSelectionButton.m */; };
		6288A03C1D3E657800F217BD /* CTAssetSelectionLabel.h in Headers */ = {isa = PBXBuildFile; fileRef = 62889FDE1D3E657800F217BD /* CTAssetSelectionLabel.h */; settings = {ATTRIBUTES = (Public, ); }; };
		6288A03D1D3E657800F217BD /* CTAssetSelectionLabel.m in Sources */ = {isa = PBXBuildFile; fileRef = 62889FDF1D3E657800F217BD /* CTAssetSelectionLabel.m */; };
		6288A03E1D3E657800F217BD /* CTAssetsGridSelectedView.h in Headers */ = {isa = PBXBuildFile; fileRef = 62889FE01D3E657800F217BD /* CTAssetsGridSelectedView.h */; settings = {ATTRIBUTES = (Public, ); }; };
		6288A03F1D3E657800F217BD /* CTAssetsGridSelectedView.m in Sources */ = {isa = PBXBuildFile; fileRef = 62889FE11D3E657800F217BD /* CTAssetsGridSelectedView.m */; };
		6288A0401D3E657800F217BD /* CTAssetsGridView.h in Headers */ = {isa = PBXBuildFile; fileRef = 62889FE21D3E657800F217BD /* CTAssetsGridView.h */; settings = {ATTRIBUTES = (Public, ); }; };
		6288A0411D3E657800F217BD /* CTAssetsGridView.m in Sources */ = {isa = PBXBuildFile; fileRef = 62889FE31D3E657800F217BD /* CTAssetsGridView.m */; };
		6288A0421D3E657800F217BD /* CTAssetsGridViewCell.h in Headers */ = {isa = PBXBuildFile; fileRef = 62889FE41D3E657800F217BD /* CTAssetsGridViewCell.h */; settings = {ATTRIBUTES = (Public, ); }; };
		6288A0431D3E657800F217BD /* CTAssetsGridViewCell.m in Sources */ = {isa = PBXBuildFile; fileRef = 62889FE51D3E657800F217BD /* CTAssetsGridViewCell.m */; };
		6288A0441D3E657800F217BD /* CTAssetsGridViewController.h in Headers */ = {isa = PBXBuildFile; fileRef = 62889FE61D3E657800F217BD /* CTAssetsGridViewController.h */; settings = {ATTRIBUTES = (Public, ); }; };
		6288A0451D3E657800F217BD /* CTAssetsGridViewController.m in Sources */ = {isa = PBXBuildFile; fileRef = 62889FE71D3E657800F217BD /* CTAssetsGridViewController.m */; };
		6288A0461D3E657800F217BD /* CTAssetsGridViewFooter.h in Headers */ = {isa = PBXBuildFile; fileRef = 62889FE81D3E657800F217BD /* CTAssetsGridViewFooter.h */; settings = {ATTRIBUTES = (Public, ); }; };
		6288A0471D3E657800F217BD /* CTAssetsGridViewFooter.m in Sources */ = {isa = PBXBuildFile; fileRef = 62889FE91D3E657800F217BD /* CTAssetsGridViewFooter.m */; };
		6288A0481D3E657800F217BD /* CTAssetsGridViewLayout.h in Headers */ = {isa = PBXBuildFile; fileRef = 62889FEA1D3E657800F217BD /* CTAssetsGridViewLayout.h */; settings = {ATTRIBUTES = (Public, ); }; };
		6288A0491D3E657800F217BD /* CTAssetsGridViewLayout.m in Sources */ = {isa = PBXBuildFile; fileRef = 62889FEB1D3E657800F217BD /* CTAssetsGridViewLayout.m */; };
		6288A04A1D3E657800F217BD /* CTAssetsNavigationController.h in Headers */ = {isa = PBXBuildFile; fileRef = 62889FEC1D3E657800F217BD /* CTAssetsNavigationController.h */; settings = {ATTRIBUTES = (Public, ); }; };
		6288A04B1D3E657800F217BD /* CTAssetsNavigationController.m in Sources */ = {isa = PBXBuildFile; fileRef = 62889FED1D3E657800F217BD /* CTAssetsNavigationController.m */; };
		6288A04C1D3E657800F217BD /* CTAssetsPageView.h in Headers */ = {isa = PBXBuildFile; fileRef = 62889FEE1D3E657800F217BD /* CTAssetsPageView.h */; settings = {ATTRIBUTES = (Public, ); }; };
		6288A04D1D3E657800F217BD /* CTAssetsPageView.m in Sources */ = {isa = PBXBuildFile; fileRef = 62889FEF1D3E657800F217BD /* CTAssetsPageView.m */; };
		6288A04E1D3E657800F217BD /* CTAssetsPageViewController.h in Headers */ = {isa = PBXBuildFile; fileRef = 62889FF01D3E657800F217BD /* CTAssetsPageViewController.h */; settings = {ATTRIBUTES = (Public, ); }; };
		6288A04F1D3E657800F217BD /* CTAssetsPageViewController.m in Sources */ = {isa = PBXBuildFile; fileRef = 62889FF11D3E657800F217BD /* CTAssetsPageViewController.m */; };
		6288A0501D3E657800F217BD /* CTAssetsPickerAccessDeniedView.h in Headers */ = {isa = PBXBuildFile; fileRef = 62889FF21D3E657800F217BD /* CTAssetsPickerAccessDeniedView.h */; settings = {ATTRIBUTES = (Public, ); }; };
		6288A0511D3E657800F217BD /* CTAssetsPickerAccessDeniedView.m in Sources */ = {isa = PBXBuildFile; fileRef = 62889FF31D3E657800F217BD /* CTAssetsPickerAccessDeniedView.m */; };
		6288A0521D3E657800F217BD /* CTAssetsPickerController.h in Headers */ = {isa = PBXBuildFile; fileRef = 62889FF41D3E657800F217BD /* CTAssetsPickerController.h */; settings = {ATTRIBUTES = (Public, ); }; };
		6288A0531D3E657800F217BD /* CTAssetsPickerController.m in Sources */ = {isa = PBXBuildFile; fileRef = 62889FF51D3E657800F217BD /* CTAssetsPickerController.m */; };
		6288A0541D3E657800F217BD /* CTAssetsPickerDefines.h in Headers */ = {isa = PBXBuildFile; fileRef = 62889FF61D3E657800F217BD /* CTAssetsPickerDefines.h */; settings = {ATTRIBUTES = (Public, ); }; };
		6288A0551D3E657800F217BD /* CTAssetsPickerNoAssetsView.h in Headers */ = {isa = PBXBuildFile; fileRef = 62889FF71D3E657800F217BD /* CTAssetsPickerNoAssetsView.h */; settings = {ATTRIBUTES = (Public, ); }; };
		6288A0561D3E657800F217BD /* CTAssetsPickerNoAssetsView.m in Sources */ = {isa = PBXBuildFile; fileRef = 62889FF81D3E657800F217BD /* CTAssetsPickerNoAssetsView.m */; };
		6288A0571D3E657800F217BD /* CTAssetsViewControllerTransition.h in Headers */ = {isa = PBXBuildFile; fileRef = 62889FF91D3E657800F217BD /* CTAssetsViewControllerTransition.h */; settings = {ATTRIBUTES = (Public, ); }; };
		6288A0581D3E657800F217BD /* CTAssetsViewControllerTransition.m in Sources */ = {isa = PBXBuildFile; fileRef = 62889FFA1D3E657800F217BD /* CTAssetsViewControllerTransition.m */; };
		6288A0591D3E657800F217BD /* CTAssetThumbnailOverlay.h in Headers */ = {isa = PBXBuildFile; fileRef = 62889FFB1D3E657800F217BD /* CTAssetThumbnailOverlay.h */; settings = {ATTRIBUTES = (Public, ); }; };
		6288A05A1D3E657800F217BD /* CTAssetThumbnailOverlay.m in Sources */ = {isa = PBXBuildFile; fileRef = 62889FFC1D3E657800F217BD /* CTAssetThumbnailOverlay.m */; };
		6288A05B1D3E657800F217BD /* CTAssetThumbnailStacks.h in Headers */ = {isa = PBXBuildFile; fileRef = 62889FFD1D3E657800F217BD /* CTAssetThumbnailStacks.h */; settings = {ATTRIBUTES = (Public, ); }; };
		6288A05C1D3E657800F217BD /* CTAssetThumbnailStacks.m in Sources */ = {isa = PBXBuildFile; fileRef = 62889FFE1D3E657800F217BD /* CTAssetThumbnailStacks.m */; };
		6288A05D1D3E657800F217BD /* CTAssetThumbnailView.h in Headers */ = {isa = PBXBuildFile; fileRef = 62889FFF1D3E657800F217BD /* CTAssetThumbnailView.h */; settings = {ATTRIBUTES = (Public, ); }; };
		6288A05E1D3E657800F217BD /* CTAssetThumbnailView.m in Sources */ = {isa = PBXBuildFile; fileRef = 6288A0001D3E657800F217BD /* CTAssetThumbnailView.m */; };
		62C872641D40C88500022DA5 /* AccessDeniedViewLock.png in Resources */ = {isa = PBXBuildFile; fileRef = 62C8720D1D40C88500022DA5 /* AccessDeniedViewLock.png */; };
		62C872651D40C88500022DA5 /* AccessDeniedViewLock@2x.png in Resources */ = {isa = PBXBuildFile; fileRef = 62C8720E1D40C88500022DA5 /* AccessDeniedViewLock@2x.png */; };
		62C872661D40C88500022DA5 /* AccessDeniedViewLock@3x.png in Resources */ = {isa = PBXBuildFile; fileRef = 62C8720F1D40C88500022DA5 /* AccessDeniedViewLock@3x.png */; };
		62C872671D40C88500022DA5 /* BadgeAllPhotos.png in Resources */ = {isa = PBXBuildFile; fileRef = 62C872101D40C88500022DA5 /* BadgeAllPhotos.png */; };
		62C872681D40C88500022DA5 /* BadgeAllPhotos@2x.png in Resources */ = {isa = PBXBuildFile; fileRef = 62C872111D40C88500022DA5 /* BadgeAllPhotos@2x.png */; };
		62C872691D40C88500022DA5 /* BadgeAllPhotos@3x.png in Resources */ = {isa = PBXBuildFile; fileRef = 62C872121D40C88500022DA5 /* BadgeAllPhotos@3x.png */; };
		62C8726A1D40C88500022DA5 /* BadgeBurst.png in Resources */ = {isa = PBXBuildFile; fileRef = 62C872131D40C88500022DA5 /* BadgeBurst.png */; };
		62C8726B1D40C88500022DA5 /* BadgeBurst@2x.png in Resources */ = {isa = PBXBuildFile; fileRef = 62C872141D40C88500022DA5 /* BadgeBurst@2x.png */; };
		62C8726C1D40C88500022DA5 /* BadgeBurst@3x.png in Resources */ = {isa = PBXBuildFile; fileRef = 62C872151D40C88500022DA5 /* BadgeBurst@3x.png */; };
		62C8726D1D40C88500022DA5 /* BadgeFavorites.png in Resources */ = {isa = PBXBuildFile; fileRef = 62C872161D40C88500022DA5 /* BadgeFavorites.png */; };
		62C8726E1D40C88500022DA5 /* BadgeFavorites@2x.png in Resources */ = {isa = PBXBuildFile; fileRef = 62C872171D40C88500022DA5 /* BadgeFavorites@2x.png */; };
		62C8726F1D40C88500022DA5 /* BadgeFavorites@3x.png in Resources */ = {isa = PBXBuildFile; fileRef = 62C872181D40C88500022DA5 /* BadgeFavorites@3x.png */; };
		62C872701D40C88500022DA5 /* BadgeLastImport.png in Resources */ = {isa = PBXBuildFile; fileRef = 62C872191D40C88500022DA5 /* BadgeLastImport.png */; };
		62C872711D40C88500022DA5 /* BadgeLastImport@2x.png in Resources */ = {isa = PBXBuildFile; fileRef = 62C8721A1D40C88500022DA5 /* BadgeLastImport@2x.png */; };
		62C872721D40C88500022DA5 /* BadgeLastImport@3x.png in Resources */ = {isa = PBXBuildFile; fileRef = 62C8721B1D40C88500022DA5 /* BadgeLastImport@3x.png */; };
		62C872731D40C88500022DA5 /* BadgePanorama.png in Resources */ = {isa = PBXBuildFile; fileRef = 62C8721C1D40C88500022DA5 /* BadgePanorama.png */; };
		62C872741D40C88500022DA5 /* BadgePanorama@2x.png in Resources */ = {isa = PBXBuildFile; fileRef = 62C8721D1D40C88500022DA5 /* BadgePanorama@2x.png */; };
		62C872751D40C88500022DA5 /* BadgePanorama@3x.png in Resources */ = {isa = PBXBuildFile; fileRef = 62C8721E1D40C88500022DA5 /* BadgePanorama@3x.png */; };
		62C872761D40C88500022DA5 /* BadgeRecentlyDeleted.png in Resources */ = {isa = PBXBuildFile; fileRef = 62C8721F1D40C88500022DA5 /* BadgeRecentlyDeleted.png */; };
		62C872771D40C88500022DA5 /* BadgeRecentlyDeleted@2x.png in Resources */ = {isa = PBXBuildFile; fileRef = 62C872201D40C88500022DA5 /* BadgeRecentlyDeleted@2x.png */; };
		62C872781D40C88500022DA5 /* BadgeRecentlyDeleted@3x.png in Resources */ = {isa = PBXBuildFile; fileRef = 62C872211D40C88500022DA5 /* BadgeRecentlyDeleted@3x.png */; };
		62C872791D40C88500022DA5 /* BadgeScreenshots.png in Resources */ = {isa = PBXBuildFile; fileRef = 62C872221D40C88500022DA5 /* BadgeScreenshots.png */; };
		62C8727A1D40C88500022DA5 /* BadgeScreenshots@2x.png in Resources */ = {isa = PBXBuildFile; fileRef = 62C872231D40C88500022DA5 /* BadgeScreenshots@2x.png */; };
		62C8727B1D40C88500022DA5 /* BadgeScreenshots@3x.png in Resources */ = {isa = PBXBuildFile; fileRef = 62C872241D40C88500022DA5 /* BadgeScreenshots@3x.png */; };
		62C8727C1D40C88500022DA5 /* BadgeSelfPortraits.png in Resources */ = {isa = PBXBuildFile; fileRef = 62C872251D40C88500022DA5 /* BadgeSelfPortraits.png */; };
		62C8727D1D40C88500022DA5 /* BadgeSelfPortraits@2x.png in Resources */ = {isa = PBXBuildFile; fileRef = 62C872261D40C88500022DA5 /* BadgeSelfPortraits@2x.png */; };
		62C8727E1D40C88500022DA5 /* BadgeSelfPortraits@3x.png in Resources */ = {isa = PBXBuildFile; fileRef = 62C872271D40C88500022DA5 /* BadgeSelfPortraits@3x.png */; };
		62C8727F1D40C88500022DA5 /* BadgeSlomo.png in Resources */ = {isa = PBXBuildFile; fileRef = 62C872281D40C88500022DA5 /* BadgeSlomo.png */; };
		62C872801D40C88500022DA5 /* BadgeSlomo@2x.png in Resources */ = {isa = PBXBuildFile; fileRef = 62C872291D40C88500022DA5 /* BadgeSlomo@2x.png */; };
		62C872811D40C88500022DA5 /* BadgeSlomo@3x.png in Resources */ = {isa = PBXBuildFile; fileRef = 62C8722A1D40C88500022DA5 /* BadgeSlomo@3x.png */; };
		62C872821D40C88500022DA5 /* BadgeSloMoSmall.png in Resources */ = {isa = PBXBuildFile; fileRef = 62C8722B1D40C88500022DA5 /* BadgeSloMoSmall.png */; };
		62C872831D40C88500022DA5 /* BadgeSloMoSmall@2x.png in Resources */ = {isa = PBXBuildFile; fileRef = 62C8722C1D40C88500022DA5 /* BadgeSloMoSmall@2x.png */; };
		62C872841D40C88500022DA5 /* BadgeSloMoSmall@3x.png in Resources */ = {isa = PBXBuildFile; fileRef = 62C8722D1D40C88500022DA5 /* BadgeSloMoSmall@3x.png */; };
		62C872851D40C88500022DA5 /* BadgeTimelapse.png in Resources */ = {isa = PBXBuildFile; fileRef = 62C8722E1D40C88500022DA5 /* BadgeTimelapse.png */; };
		62C872861D40C88500022DA5 /* BadgeTimelapse@2x.png in Resources */ = {isa = PBXBuildFile; fileRef = 62C8722F1D40C88500022DA5 /* BadgeTimelapse@2x.png */; };
		62C872871D40C88500022DA5 /* BadgeTimelapse@3x.png in Resources */ = {isa = PBXBuildFile; fileRef = 62C872301D40C88500022DA5 /* BadgeTimelapse@3x.png */; };
		62C872881D40C88500022DA5 /* BadgeTimelapseSmall.png in Resources */ = {isa = PBXBuildFile; fileRef = 62C872311D40C88500022DA5 /* BadgeTimelapseSmall.png */; };
		62C872891D40C88500022DA5 /* BadgeTimelapseSmall@2x.png in Resources */ = {isa = PBXBuildFile; fileRef = 62C872321D40C88500022DA5 /* BadgeTimelapseSmall@2x.png */; };
		62C8728A1D40C88500022DA5 /* BadgeTimelapseSmall@3x.png in Resources */ = {isa = PBXBuildFile; fileRef = 62C872331D40C88500022DA5 /* BadgeTimelapseSmall@3x.png */; };
		62C8728B1D40C88500022DA5 /* BadgeVideo.png in Resources */ = {isa = PBXBuildFile; fileRef = 62C872341D40C88500022DA5 /* BadgeVideo.png */; };
		62C8728C1D40C88500022DA5 /* BadgeVideo@2x.png in Resources */ = {isa = PBXBuildFile; fileRef = 62C872351D40C88500022DA5 /* BadgeVideo@2x.png */; };
		62C8728D1D40C88500022DA5 /* BadgeVideo@3x.png in Resources */ = {isa = PBXBuildFile; fileRef = 62C872361D40C88500022DA5 /* BadgeVideo@3x.png */; };
		62C8728E1D40C88500022DA5 /* BadgeVideoSmall.png in Resources */ = {isa = PBXBuildFile; fileRef = 62C872371D40C88500022DA5 /* BadgeVideoSmall.png */; };
		62C8728F1D40C88500022DA5 /* BadgeVideoSmall@2x.png in Resources */ = {isa = PBXBuildFile; fileRef = 62C872381D40C88500022DA5 /* BadgeVideoSmall@2x.png */; };
		62C872901D40C88500022DA5 /* BadgeVideoSmall@3x.png in Resources */ = {isa = PBXBuildFile; fileRef = 62C872391D40C88500022DA5 /* BadgeVideoSmall@3x.png */; };
		62C872911D40C88500022DA5 /* Checkmark.png in Resources */ = {isa = PBXBuildFile; fileRef = 62C8723A1D40C88500022DA5 /* Checkmark.png */; };
		62C872921D40C88500022DA5 /* Checkmark@2x.png in Resources */ = {isa = PBXBuildFile; fileRef = 62C8723B1D40C88500022DA5 /* Checkmark@2x.png */; };
		62C872931D40C88500022DA5 /* Checkmark@3x.png in Resources */ = {isa = PBXBuildFile; fileRef = 62C8723C1D40C88500022DA5 /* Checkmark@3x.png */; };
		62C872941D40C88500022DA5 /* CheckmarkShadow.png in Resources */ = {isa = PBXBuildFile; fileRef = 62C8723D1D40C88500022DA5 /* CheckmarkShadow.png */; };
		62C872951D40C88500022DA5 /* CheckmarkShadow@2x.png in Resources */ = {isa = PBXBuildFile; fileRef = 62C8723E1D40C88500022DA5 /* CheckmarkShadow@2x.png */; };
		62C872961D40C88500022DA5 /* CheckmarkShadow@3x.png in Resources */ = {isa = PBXBuildFile; fileRef = 62C8723F1D40C88500022DA5 /* CheckmarkShadow@3x.png */; };
		62C872971D40C88500022DA5 /* CheckmarkUnselected.png in Resources */ = {isa = PBXBuildFile; fileRef = 62C872401D40C88500022DA5 /* CheckmarkUnselected.png */; };
		62C872981D40C88500022DA5 /* CheckmarkUnselected@2x.png in Resources */ = {isa = PBXBuildFile; fileRef = 62C872411D40C88500022DA5 /* CheckmarkUnselected@2x.png */; };
		62C872991D40C88500022DA5 /* CheckmarkUnselected@3x.png in Resources */ = {isa = PBXBuildFile; fileRef = 62C872421D40C88500022DA5 /* CheckmarkUnselected@3x.png */; };
		62C8729A1D40C88500022DA5 /* DisclosureArrow.png in Resources */ = {isa = PBXBuildFile; fileRef = 62C872431D40C88500022DA5 /* DisclosureArrow.png */; };
		62C8729B1D40C88500022DA5 /* DisclosureArrow@2x.png in Resources */ = {isa = PBXBuildFile; fileRef = 62C872441D40C88500022DA5 /* DisclosureArrow@2x.png */; };
		62C8729C1D40C88500022DA5 /* DisclosureArrow@3x.png in Resources */ = {isa = PBXBuildFile; fileRef = 62C872451D40C88500022DA5 /* DisclosureArrow@3x.png */; };
		62C8729D1D40C88500022DA5 /* GridDisabledAsset.png in Resources */ = {isa = PBXBuildFile; fileRef = 62C872461D40C88500022DA5 /* GridDisabledAsset.png */; };
		62C8729E1D40C88500022DA5 /* GridDisabledAsset@2x.png in Resources */ = {isa = PBXBuildFile; fileRef = 62C872471D40C88500022DA5 /* GridDisabledAsset@2x.png */; };
		62C8729F1D40C88500022DA5 /* GridDisabledAsset@3x.png in Resources */ = {isa = PBXBuildFile; fileRef = 62C872481D40C88500022DA5 /* GridDisabledAsset@3x.png */; };
		62C872A01D40C88500022DA5 /* GridEmptyAlbum.png in Resources */ = {isa = PBXBuildFile; fileRef = 62C872491D40C88500022DA5 /* GridEmptyAlbum.png */; };
		62C872A11D40C88500022DA5 /* GridEmptyAlbum@2x.png in Resources */ = {isa = PBXBuildFile; fileRef = 62C8724A1D40C88500022DA5 /* GridEmptyAlbum@2x.png */; };
		62C872A21D40C88500022DA5 /* GridEmptyAlbum@3x.png in Resources */ = {isa = PBXBuildFile; fileRef = 62C8724B1D40C88500022DA5 /* GridEmptyAlbum@3x.png */; };
		62C872A31D40C88500022DA5 /* GridEmptyAlbumShared.png in Resources */ = {isa = PBXBuildFile; fileRef = 62C8724C1D40C88500022DA5 /* GridEmptyAlbumShared.png */; };
		62C872A41D40C88500022DA5 /* GridEmptyAlbumShared@2x.png in Resources */ = {isa = PBXBuildFile; fileRef = 62C8724D1D40C88500022DA5 /* GridEmptyAlbumShared@2x.png */; };
		62C872A51D40C88500022DA5 /* GridEmptyAlbumShared@3x.png in Resources */ = {isa = PBXBuildFile; fileRef = 62C8724E1D40C88500022DA5 /* GridEmptyAlbumShared@3x.png */; };
		62C872A61D40C88500022DA5 /* GridEmptyCameraRoll.png in Resources */ = {isa = PBXBuildFile; fileRef = 62C8724F1D40C88500022DA5 /* GridEmptyCameraRoll.png */; };
		62C872A71D40C88500022DA5 /* GridEmptyCameraRoll@2x.png in Resources */ = {isa = PBXBuildFile; fileRef = 62C872501D40C88500022DA5 /* GridEmptyCameraRoll@2x.png */; };
		62C872A81D40C88500022DA5 /* GridEmptyCameraRoll@3x.png in Resources */ = {isa = PBXBuildFile; fileRef = 62C872511D40C88500022DA5 /* GridEmptyCameraRoll@3x.png */; };
		62C872A91D40C88500022DA5 /* GridGradient.png in Resources */ = {isa = PBXBuildFile; fileRef = 62C872521D40C88500022DA5 /* GridGradient.png */; };
		62C872AA1D40C88500022DA5 /* GridGradient@2x.png in Resources */ = {isa = PBXBuildFile; fileRef = 62C872531D40C88500022DA5 /* GridGradient@2x.png */; };
		62C872AB1D40C88500022DA5 /* GridGradient@3x.png in Resources */ = {isa = PBXBuildFile; fileRef = 62C872541D40C88500022DA5 /* GridGradient@3x.png */; };
		62C872AC1D40C88500022DA5 /* GridHiddenAlbum.png in Resources */ = {isa = PBXBuildFile; fileRef = 62C872551D40C88500022DA5 /* GridHiddenAlbum.png */; };
		62C872AD1D40C88500022DA5 /* GridHiddenAlbum@2x.png in Resources */ = {isa = PBXBuildFile; fileRef = 62C872561D40C88500022DA5 /* GridHiddenAlbum@2x.png */; };
		62C872AE1D40C88500022DA5 /* GridHiddenAlbum@3x.png in Resources */ = {isa = PBXBuildFile; fileRef = 62C872571D40C88500022DA5 /* GridHiddenAlbum@3x.png */; };
		62C872AF1D40C88500022DA5 /* PauseButton.png in Resources */ = {isa = PBXBuildFile; fileRef = 62C872581D40C88500022DA5 /* PauseButton.png */; };
		62C872B01D40C88500022DA5 /* PauseButton@2x.png in Resources */ = {isa = PBXBuildFile; fileRef = 62C872591D40C88500022DA5 /* PauseButton@2x.png */; };
		62C872B11D40C88500022DA5 /* PauseButton@3x.png in Resources */ = {isa = PBXBuildFile; fileRef = 62C8725A1D40C88500022DA5 /* PauseButton@3x.png */; };
		62C872B21D40C88500022DA5 /* PlayButton.png in Resources */ = {isa = PBXBuildFile; fileRef = 62C8725B1D40C88500022DA5 /* PlayButton.png */; };
		62C872B31D40C88500022DA5 /* PlayButton@2x.png in Resources */ = {isa = PBXBuildFile; fileRef = 62C8725C1D40C88500022DA5 /* PlayButton@2x.png */; };
		62C872B41D40C88500022DA5 /* PlayButton@3x.png in Resources */ = {isa = PBXBuildFile; fileRef = 62C8725D1D40C88500022DA5 /* PlayButton@3x.png */; };
		62C872B51D40C88500022DA5 /* VideoPlayButtonMask.png in Resources */ = {isa = PBXBuildFile; fileRef = 62C8725E1D40C88500022DA5 /* VideoPlayButtonMask.png */; };
		62C872B61D40C88500022DA5 /* VideoPlayButtonMask@2x.png in Resources */ = {isa = PBXBuildFile; fileRef = 62C8725F1D40C88500022DA5 /* VideoPlayButtonMask@2x.png */; };
		62C872B71D40C88500022DA5 /* VideoPlayButtonMask@3x.png in Resources */ = {isa = PBXBuildFile; fileRef = 62C872601D40C88500022DA5 /* VideoPlayButtonMask@3x.png */; };
		62C872B81D40C88500022DA5 /* VideoPlayGlyphMask.png in Resources */ = {isa = PBXBuildFile; fileRef = 62C872611D40C88500022DA5 /* VideoPlayGlyphMask.png */; };
		62C872B91D40C88500022DA5 /* VideoPlayGlyphMask@2x.png in Resources */ = {isa = PBXBuildFile; fileRef = 62C872621D40C88500022DA5 /* VideoPlayGlyphMask@2x.png */; };
		62C872BA1D40C88500022DA5 /* VideoPlayGlyphMask@3x.png in Resources */ = {isa = PBXBuildFile; fileRef = 62C872631D40C88500022DA5 /* VideoPlayGlyphMask@3x.png */; };
		62ECA2071D40BE0A006B36A0 /* CTAssetsPicker.strings in Resources */ = {isa = PBXBuildFile; fileRef = 62ECA1EE1D40BE0A006B36A0 /* CTAssetsPicker.strings */; };
/* End PBXBuildFile section */

/* Begin PBXFileReference section */
		62889F0B1D3E54F400F217BD /* CTAssetsPicker.framework */ = {isa = PBXFileReference; explicitFileType = wrapper.framework; includeInIndex = 0; path = CTAssetsPicker.framework; sourceTree = BUILT_PRODUCTS_DIR; };
		62889F0E1D3E54F400F217BD /* CTAssetsPicker.h */ = {isa = PBXFileReference; lastKnownFileType = sourcecode.c.h; path = CTAssetsPicker.h; sourceTree = "<group>"; };
		62889F101D3E54F400F217BD /* Info.plist */ = {isa = PBXFileReference; lastKnownFileType = text.plist.xml; path = Info.plist; sourceTree = "<group>"; };
		62889FB81D3E59FC00F217BD /* PureLayout.framework */ = {isa = PBXFileReference; lastKnownFileType = wrapper.framework; name = PureLayout.framework; path = Carthage/Build/iOS/PureLayout.framework; sourceTree = "<group>"; };
		62889FBC1D3E657800F217BD /* CTAssetsPageViewController+Internal.h */ = {isa = PBXFileReference; fileEncoding = 4; lastKnownFileType = sourcecode.c.h; path = "CTAssetsPageViewController+Internal.h"; sourceTree = "<group>"; };
		62889FBD1D3E657800F217BD /* CTAssetsPickerController+Internal.h */ = {isa = PBXFileReference; fileEncoding = 4; lastKnownFileType = sourcecode.c.h; path = "CTAssetsPickerController+Internal.h"; sourceTree = "<group>"; };
		62889FBE1D3E657800F217BD /* NSBundle+CTAssetsPickerController.h */ = {isa = PBXFileReference; fileEncoding = 4; lastKnownFileType = sourcecode.c.h; path = "NSBundle+CTAssetsPickerController.h"; sourceTree = "<group>"; };
		62889FBF1D3E657800F217BD /* NSBundle+CTAssetsPickerController.m */ = {isa = PBXFileReference; fileEncoding = 4; lastKnownFileType = sourcecode.c.objc; path = "NSBundle+CTAssetsPickerController.m"; sourceTree = "<group>"; };
		62889FC01D3E657800F217BD /* NSDateFormatter+CTAssetsPickerController.h */ = {isa = PBXFileReference; fileEncoding = 4; lastKnownFileType = sourcecode.c.h; path = "NSDateFormatter+CTAssetsPickerController.h"; sourceTree = "<group>"; };
		62889FC11D3E657800F217BD /* NSDateFormatter+CTAssetsPickerController.m */ = {isa = PBXFileReference; fileEncoding = 4; lastKnownFileType = sourcecode.c.objc; path = "NSDateFormatter+CTAssetsPickerController.m"; sourceTree = "<group>"; };
		62889FC21D3E657800F217BD /* NSIndexSet+CTAssetsPickerController.h */ = {isa = PBXFileReference; fileEncoding = 4; lastKnownFileType = sourcecode.c.h; path = "NSIndexSet+CTAssetsPickerController.h"; sourceTree = "<group>"; };
		62889FC31D3E657800F217BD /* NSIndexSet+CTAssetsPickerController.m */ = {isa = PBXFileReference; fileEncoding = 4; lastKnownFileType = sourcecode.c.objc; path = "NSIndexSet+CTAssetsPickerController.m"; sourceTree = "<group>"; };
		62889FC41D3E657800F217BD /* NSNumberFormatter+CTAssetsPickerController.h */ = {isa = PBXFileReference; fileEncoding = 4; lastKnownFileType = sourcecode.c.h; path = "NSNumberFormatter+CTAssetsPickerController.h"; sourceTree = "<group>"; };
		62889FC51D3E657800F217BD /* NSNumberFormatter+CTAssetsPickerController.m */ = {isa = PBXFileReference; fileEncoding = 4; lastKnownFileType = sourcecode.c.objc; path = "NSNumberFormatter+CTAssetsPickerController.m"; sourceTree = "<group>"; };
		62889FC61D3E657800F217BD /* PHAsset+CTAssetsPickerController.h */ = {isa = PBXFileReference; fileEncoding = 4; lastKnownFileType = sourcecode.c.h; path = "PHAsset+CTAssetsPickerController.h"; sourceTree = "<group>"; };
		62889FC71D3E657800F217BD /* PHAsset+CTAssetsPickerController.m */ = {isa = PBXFileReference; fileEncoding = 4; lastKnownFileType = sourcecode.c.objc; path = "PHAsset+CTAssetsPickerController.m"; sourceTree = "<group>"; };
		62889FC81D3E657800F217BD /* PHAssetCollection+CTAssetsPickerController.h */ = {isa = PBXFileReference; fileEncoding = 4; lastKnownFileType = sourcecode.c.h; path = "PHAssetCollection+CTAssetsPickerController.h"; sourceTree = "<group>"; };
		62889FC91D3E657800F217BD /* PHAssetCollection+CTAssetsPickerController.m */ = {isa = PBXFileReference; fileEncoding = 4; lastKnownFileType = sourcecode.c.objc; path = "PHAssetCollection+CTAssetsPickerController.m"; sourceTree = "<group>"; };
		62889FCA1D3E657800F217BD /* PHImageManager+CTAssetsPickerController.h */ = {isa = PBXFileReference; fileEncoding = 4; lastKnownFileType = sourcecode.c.h; path = "PHImageManager+CTAssetsPickerController.h"; sourceTree = "<group>"; };
		62889FCB1D3E657800F217BD /* PHImageManager+CTAssetsPickerController.m */ = {isa = PBXFileReference; fileEncoding = 4; lastKnownFileType = sourcecode.c.objc; path = "PHImageManager+CTAssetsPickerController.m"; sourceTree = "<group>"; };
		62889FCC1D3E657800F217BD /* UICollectionView+CTAssetsPickerController.h */ = {isa = PBXFileReference; fileEncoding = 4; lastKnownFileType = sourcecode.c.h; path = "UICollectionView+CTAssetsPickerController.h"; sourceTree = "<group>"; };
		62889FCD1D3E657800F217BD /* UICollectionView+CTAssetsPickerController.m */ = {isa = PBXFileReference; fileEncoding = 4; lastKnownFileType = sourcecode.c.objc; path = "UICollectionView+CTAssetsPickerController.m"; sourceTree = "<group>"; };
		62889FCE1D3E657800F217BD /* UIImage+CTAssetsPickerController.h */ = {isa = PBXFileReference; fileEncoding = 4; lastKnownFileType = sourcecode.c.h; path = "UIImage+CTAssetsPickerController.h"; sourceTree = "<group>"; };
		62889FCF1D3E657800F217BD /* UIImage+CTAssetsPickerController.m */ = {isa = PBXFileReference; fileEncoding = 4; lastKnownFileType = sourcecode.c.objc; path = "UIImage+CTAssetsPickerController.m"; sourceTree = "<group>"; };
		62889FD01D3E657800F217BD /* CTAssetCheckmark.h */ = {isa = PBXFileReference; fileEncoding = 4; lastKnownFileType = sourcecode.c.h; path = CTAssetCheckmark.h; sourceTree = "<group>"; };
		62889FD11D3E657800F217BD /* CTAssetCheckmark.m */ = {isa = PBXFileReference; fileEncoding = 4; lastKnownFileType = sourcecode.c.objc; path = CTAssetCheckmark.m; sourceTree = "<group>"; };
		62889FD21D3E657800F217BD /* CTAssetCollectionViewCell.h */ = {isa = PBXFileReference; fileEncoding = 4; lastKnownFileType = sourcecode.c.h; path = CTAssetCollectionViewCell.h; sourceTree = "<group>"; };
		62889FD31D3E657800F217BD /* CTAssetCollectionViewCell.m */ = {isa = PBXFileReference; fileEncoding = 4; lastKnownFileType = sourcecode.c.objc; path = CTAssetCollectionViewCell.m; sourceTree = "<group>"; };
		62889FD41D3E657800F217BD /* CTAssetCollectionViewController.h */ = {isa = PBXFileReference; fileEncoding = 4; lastKnownFileType = sourcecode.c.h; path = CTAssetCollectionViewController.h; sourceTree = "<group>"; };
		62889FD51D3E657800F217BD /* CTAssetCollectionViewController.m */ = {isa = PBXFileReference; fileEncoding = 4; lastKnownFileType = sourcecode.c.objc; path = CTAssetCollectionViewController.m; sourceTree = "<group>"; };
		62889FD61D3E657800F217BD /* CTAssetItemViewController.h */ = {isa = PBXFileReference; fileEncoding = 4; lastKnownFileType = sourcecode.c.h; path = CTAssetItemViewController.h; sourceTree = "<group>"; };
		62889FD71D3E657800F217BD /* CTAssetItemViewController.m */ = {isa = PBXFileReference; fileEncoding = 4; lastKnownFileType = sourcecode.c.objc; path = CTAssetItemViewController.m; sourceTree = "<group>"; };
		62889FD81D3E657800F217BD /* CTAssetPlayButton.h */ = {isa = PBXFileReference; fileEncoding = 4; lastKnownFileType = sourcecode.c.h; path = CTAssetPlayButton.h; sourceTree = "<group>"; };
		62889FD91D3E657800F217BD /* CTAssetPlayButton.m */ = {isa = PBXFileReference; fileEncoding = 4; lastKnownFileType = sourcecode.c.objc; path = CTAssetPlayButton.m; sourceTree = "<group>"; };
		62889FDA1D3E657800F217BD /* CTAssetScrollView.h */ = {isa = PBXFileReference; fileEncoding = 4; lastKnownFileType = sourcecode.c.h; path = CTAssetScrollView.h; sourceTree = "<group>"; };
		62889FDB1D3E657800F217BD /* CTAssetScrollView.m */ = {isa = PBXFileReference; fileEncoding = 4; lastKnownFileType = sourcecode.c.objc; path = CTAssetScrollView.m; sourceTree = "<group>"; };
		62889FDC1D3E657800F217BD /* CTAssetSelectionButton.h */ = {isa = PBXFileReference; fileEncoding = 4; lastKnownFileType = sourcecode.c.h; path = CTAssetSelectionButton.h; sourceTree = "<group>"; };
		62889FDD1D3E657800F217BD /* CTAssetSelectionButton.m */ = {isa = PBXFileReference; fileEncoding = 4; lastKnownFileType = sourcecode.c.objc; path = CTAssetSelectionButton.m; sourceTree = "<group>"; };
		62889FDE1D3E657800F217BD /* CTAssetSelectionLabel.h */ = {isa = PBXFileReference; fileEncoding = 4; lastKnownFileType = sourcecode.c.h; path = CTAssetSelectionLabel.h; sourceTree = "<group>"; };
		62889FDF1D3E657800F217BD /* CTAssetSelectionLabel.m */ = {isa = PBXFileReference; fileEncoding = 4; lastKnownFileType = sourcecode.c.objc; path = CTAssetSelectionLabel.m; sourceTree = "<group>"; };
		62889FE01D3E657800F217BD /* CTAssetsGridSelectedView.h */ = {isa = PBXFileReference; fileEncoding = 4; lastKnownFileType = sourcecode.c.h; path = CTAssetsGridSelectedView.h; sourceTree = "<group>"; };
		62889FE11D3E657800F217BD /* CTAssetsGridSelectedView.m */ = {isa = PBXFileReference; fileEncoding = 4; lastKnownFileType = sourcecode.c.objc; path = CTAssetsGridSelectedView.m; sourceTree = "<group>"; };
		62889FE21D3E657800F217BD /* CTAssetsGridView.h */ = {isa = PBXFileReference; fileEncoding = 4; lastKnownFileType = sourcecode.c.h; path = CTAssetsGridView.h; sourceTree = "<group>"; };
		62889FE31D3E657800F217BD /* CTAssetsGridView.m */ = {isa = PBXFileReference; fileEncoding = 4; lastKnownFileType = sourcecode.c.objc; path = CTAssetsGridView.m; sourceTree = "<group>"; };
		62889FE41D3E657800F217BD /* CTAssetsGridViewCell.h */ = {isa = PBXFileReference; fileEncoding = 4; lastKnownFileType = sourcecode.c.h; path = CTAssetsGridViewCell.h; sourceTree = "<group>"; };
		62889FE51D3E657800F217BD /* CTAssetsGridViewCell.m */ = {isa = PBXFileReference; fileEncoding = 4; lastKnownFileType = sourcecode.c.objc; path = CTAssetsGridViewCell.m; sourceTree = "<group>"; };
		62889FE61D3E657800F217BD /* CTAssetsGridViewController.h */ = {isa = PBXFileReference; fileEncoding = 4; lastKnownFileType = sourcecode.c.h; path = CTAssetsGridViewController.h; sourceTree = "<group>"; };
		62889FE71D3E657800F217BD /* CTAssetsGridViewController.m */ = {isa = PBXFileReference; fileEncoding = 4; lastKnownFileType = sourcecode.c.objc; path = CTAssetsGridViewController.m; sourceTree = "<group>"; };
		62889FE81D3E657800F217BD /* CTAssetsGridViewFooter.h */ = {isa = PBXFileReference; fileEncoding = 4; lastKnownFileType = sourcecode.c.h; path = CTAssetsGridViewFooter.h; sourceTree = "<group>"; };
		62889FE91D3E657800F217BD /* CTAssetsGridViewFooter.m */ = {isa = PBXFileReference; fileEncoding = 4; lastKnownFileType = sourcecode.c.objc; path = CTAssetsGridViewFooter.m; sourceTree = "<group>"; };
		62889FEA1D3E657800F217BD /* CTAssetsGridViewLayout.h */ = {isa = PBXFileReference; fileEncoding = 4; lastKnownFileType = sourcecode.c.h; path = CTAssetsGridViewLayout.h; sourceTree = "<group>"; };
		62889FEB1D3E657800F217BD /* CTAssetsGridViewLayout.m */ = {isa = PBXFileReference; fileEncoding = 4; lastKnownFileType = sourcecode.c.objc; path = CTAssetsGridViewLayout.m; sourceTree = "<group>"; };
		62889FEC1D3E657800F217BD /* CTAssetsNavigationController.h */ = {isa = PBXFileReference; fileEncoding = 4; lastKnownFileType = sourcecode.c.h; path = CTAssetsNavigationController.h; sourceTree = "<group>"; };
		62889FED1D3E657800F217BD /* CTAssetsNavigationController.m */ = {isa = PBXFileReference; fileEncoding = 4; lastKnownFileType = sourcecode.c.objc; path = CTAssetsNavigationController.m; sourceTree = "<group>"; };
		62889FEE1D3E657800F217BD /* CTAssetsPageView.h */ = {isa = PBXFileReference; fileEncoding = 4; lastKnownFileType = sourcecode.c.h; path = CTAssetsPageView.h; sourceTree = "<group>"; };
		62889FEF1D3E657800F217BD /* CTAssetsPageView.m */ = {isa = PBXFileReference; fileEncoding = 4; lastKnownFileType = sourcecode.c.objc; path = CTAssetsPageView.m; sourceTree = "<group>"; };
		62889FF01D3E657800F217BD /* CTAssetsPageViewController.h */ = {isa = PBXFileReference; fileEncoding = 4; lastKnownFileType = sourcecode.c.h; path = CTAssetsPageViewController.h; sourceTree = "<group>"; };
		62889FF11D3E657800F217BD /* CTAssetsPageViewController.m */ = {isa = PBXFileReference; fileEncoding = 4; lastKnownFileType = sourcecode.c.objc; path = CTAssetsPageViewController.m; sourceTree = "<group>"; };
		62889FF21D3E657800F217BD /* CTAssetsPickerAccessDeniedView.h */ = {isa = PBXFileReference; fileEncoding = 4; lastKnownFileType = sourcecode.c.h; path = CTAssetsPickerAccessDeniedView.h; sourceTree = "<group>"; };
		62889FF31D3E657800F217BD /* CTAssetsPickerAccessDeniedView.m */ = {isa = PBXFileReference; fileEncoding = 4; lastKnownFileType = sourcecode.c.objc; path = CTAssetsPickerAccessDeniedView.m; sourceTree = "<group>"; };
		62889FF41D3E657800F217BD /* CTAssetsPickerController.h */ = {isa = PBXFileReference; fileEncoding = 4; lastKnownFileType = sourcecode.c.h; path = CTAssetsPickerController.h; sourceTree = "<group>"; };
		62889FF51D3E657800F217BD /* CTAssetsPickerController.m */ = {isa = PBXFileReference; fileEncoding = 4; lastKnownFileType = sourcecode.c.objc; path = CTAssetsPickerController.m; sourceTree = "<group>"; };
		62889FF61D3E657800F217BD /* CTAssetsPickerDefines.h */ = {isa = PBXFileReference; fileEncoding = 4; lastKnownFileType = sourcecode.c.h; path = CTAssetsPickerDefines.h; sourceTree = "<group>"; };
		62889FF71D3E657800F217BD /* CTAssetsPickerNoAssetsView.h */ = {isa = PBXFileReference; fileEncoding = 4; lastKnownFileType = sourcecode.c.h; path = CTAssetsPickerNoAssetsView.h; sourceTree = "<group>"; };
		62889FF81D3E657800F217BD /* CTAssetsPickerNoAssetsView.m */ = {isa = PBXFileReference; fileEncoding = 4; lastKnownFileType = sourcecode.c.objc; path = CTAssetsPickerNoAssetsView.m; sourceTree = "<group>"; };
		62889FF91D3E657800F217BD /* CTAssetsViewControllerTransition.h */ = {isa = PBXFileReference; fileEncoding = 4; lastKnownFileType = sourcecode.c.h; path = CTAssetsViewControllerTransition.h; sourceTree = "<group>"; };
		62889FFA1D3E657800F217BD /* CTAssetsViewControllerTransition.m */ = {isa = PBXFileReference; fileEncoding = 4; lastKnownFileType = sourcecode.c.objc; path = CTAssetsViewControllerTransition.m; sourceTree = "<group>"; };
		62889FFB1D3E657800F217BD /* CTAssetThumbnailOverlay.h */ = {isa = PBXFileReference; fileEncoding = 4; lastKnownFileType = sourcecode.c.h; path = CTAssetThumbnailOverlay.h; sourceTree = "<group>"; };
		62889FFC1D3E657800F217BD /* CTAssetThumbnailOverlay.m */ = {isa = PBXFileReference; fileEncoding = 4; lastKnownFileType = sourcecode.c.objc; path = CTAssetThumbnailOverlay.m; sourceTree = "<group>"; };
		62889FFD1D3E657800F217BD /* CTAssetThumbnailStacks.h */ = {isa = PBXFileReference; fileEncoding = 4; lastKnownFileType = sourcecode.c.h; path = CTAssetThumbnailStacks.h; sourceTree = "<group>"; };
		62889FFE1D3E657800F217BD /* CTAssetThumbnailStacks.m */ = {isa = PBXFileReference; fileEncoding = 4; lastKnownFileType = sourcecode.c.objc; path = CTAssetThumbnailStacks.m; sourceTree = "<group>"; };
		62889FFF1D3E657800F217BD /* CTAssetThumbnailView.h */ = {isa = PBXFileReference; fileEncoding = 4; lastKnownFileType = sourcecode.c.h; path = CTAssetThumbnailView.h; sourceTree = "<group>"; };
		6288A0001D3E657800F217BD /* CTAssetThumbnailView.m */ = {isa = PBXFileReference; fileEncoding = 4; lastKnownFileType = sourcecode.c.objc; path = CTAssetThumbnailView.m; sourceTree = "<group>"; };
		62C8720D1D40C88500022DA5 /* AccessDeniedViewLock.png */ = {isa = PBXFileReference; lastKnownFileType = image.png; path = AccessDeniedViewLock.png; sourceTree = "<group>"; };
		62C8720E1D40C88500022DA5 /* AccessDeniedViewLock@2x.png */ = {isa = PBXFileReference; lastKnownFileType = image.png; path = "AccessDeniedViewLock@2x.png"; sourceTree = "<group>"; };
		62C8720F1D40C88500022DA5 /* AccessDeniedViewLock@3x.png */ = {isa = PBXFileReference; lastKnownFileType = image.png; path = "AccessDeniedViewLock@3x.png"; sourceTree = "<group>"; };
		62C872101D40C88500022DA5 /* BadgeAllPhotos.png */ = {isa = PBXFileReference; lastKnownFileType = image.png; path = BadgeAllPhotos.png; sourceTree = "<group>"; };
		62C872111D40C88500022DA5 /* BadgeAllPhotos@2x.png */ = {isa = PBXFileReference; lastKnownFileType = image.png; path = "BadgeAllPhotos@2x.png"; sourceTree = "<group>"; };
		62C872121D40C88500022DA5 /* BadgeAllPhotos@3x.png */ = {isa = PBXFileReference; lastKnownFileType = image.png; path = "BadgeAllPhotos@3x.png"; sourceTree = "<group>"; };
		62C872131D40C88500022DA5 /* BadgeBurst.png */ = {isa = PBXFileReference; lastKnownFileType = image.png; path = BadgeBurst.png; sourceTree = "<group>"; };
		62C872141D40C88500022DA5 /* BadgeBurst@2x.png */ = {isa = PBXFileReference; lastKnownFileType = image.png; path = "BadgeBurst@2x.png"; sourceTree = "<group>"; };
		62C872151D40C88500022DA5 /* BadgeBurst@3x.png */ = {isa = PBXFileReference; lastKnownFileType = image.png; path = "BadgeBurst@3x.png"; sourceTree = "<group>"; };
		62C872161D40C88500022DA5 /* BadgeFavorites.png */ = {isa = PBXFileReference; lastKnownFileType = image.png; path = BadgeFavorites.png; sourceTree = "<group>"; };
		62C872171D40C88500022DA5 /* BadgeFavorites@2x.png */ = {isa = PBXFileReference; lastKnownFileType = image.png; path = "BadgeFavorites@2x.png"; sourceTree = "<group>"; };
		62C872181D40C88500022DA5 /* BadgeFavorites@3x.png */ = {isa = PBXFileReference; lastKnownFileType = image.png; path = "BadgeFavorites@3x.png"; sourceTree = "<group>"; };
		62C872191D40C88500022DA5 /* BadgeLastImport.png */ = {isa = PBXFileReference; lastKnownFileType = image.png; path = BadgeLastImport.png; sourceTree = "<group>"; };
		62C8721A1D40C88500022DA5 /* BadgeLastImport@2x.png */ = {isa = PBXFileReference; lastKnownFileType = image.png; path = "BadgeLastImport@2x.png"; sourceTree = "<group>"; };
		62C8721B1D40C88500022DA5 /* BadgeLastImport@3x.png */ = {isa = PBXFileReference; lastKnownFileType = image.png; path = "BadgeLastImport@3x.png"; sourceTree = "<group>"; };
		62C8721C1D40C88500022DA5 /* BadgePanorama.png */ = {isa = PBXFileReference; lastKnownFileType = image.png; path = BadgePanorama.png; sourceTree = "<group>"; };
		62C8721D1D40C88500022DA5 /* BadgePanorama@2x.png */ = {isa = PBXFileReference; lastKnownFileType = image.png; path = "BadgePanorama@2x.png"; sourceTree = "<group>"; };
		62C8721E1D40C88500022DA5 /* BadgePanorama@3x.png */ = {isa = PBXFileReference; lastKnownFileType = image.png; path = "BadgePanorama@3x.png"; sourceTree = "<group>"; };
		62C8721F1D40C88500022DA5 /* BadgeRecentlyDeleted.png */ = {isa = PBXFileReference; lastKnownFileType = image.png; path = BadgeRecentlyDeleted.png; sourceTree = "<group>"; };
		62C872201D40C88500022DA5 /* BadgeRecentlyDeleted@2x.png */ = {isa = PBXFileReference; lastKnownFileType = image.png; path = "BadgeRecentlyDeleted@2x.png"; sourceTree = "<group>"; };
		62C872211D40C88500022DA5 /* BadgeRecentlyDeleted@3x.png */ = {isa = PBXFileReference; lastKnownFileType = image.png; path = "BadgeRecentlyDeleted@3x.png"; sourceTree = "<group>"; };
		62C872221D40C88500022DA5 /* BadgeScreenshots.png */ = {isa = PBXFileReference; lastKnownFileType = image.png; path = BadgeScreenshots.png; sourceTree = "<group>"; };
		62C872231D40C88500022DA5 /* BadgeScreenshots@2x.png */ = {isa = PBXFileReference; lastKnownFileType = image.png; path = "BadgeScreenshots@2x.png"; sourceTree = "<group>"; };
		62C872241D40C88500022DA5 /* BadgeScreenshots@3x.png */ = {isa = PBXFileReference; lastKnownFileType = image.png; path = "BadgeScreenshots@3x.png"; sourceTree = "<group>"; };
		62C872251D40C88500022DA5 /* BadgeSelfPortraits.png */ = {isa = PBXFileReference; lastKnownFileType = image.png; path = BadgeSelfPortraits.png; sourceTree = "<group>"; };
		62C872261D40C88500022DA5 /* BadgeSelfPortraits@2x.png */ = {isa = PBXFileReference; lastKnownFileType = image.png; path = "BadgeSelfPortraits@2x.png"; sourceTree = "<group>"; };
		62C872271D40C88500022DA5 /* BadgeSelfPortraits@3x.png */ = {isa = PBXFileReference; lastKnownFileType = image.png; path = "BadgeSelfPortraits@3x.png"; sourceTree = "<group>"; };
		62C872281D40C88500022DA5 /* BadgeSlomo.png */ = {isa = PBXFileReference; lastKnownFileType = image.png; path = BadgeSlomo.png; sourceTree = "<group>"; };
		62C872291D40C88500022DA5 /* BadgeSlomo@2x.png */ = {isa = PBXFileReference; lastKnownFileType = image.png; path = "BadgeSlomo@2x.png"; sourceTree = "<group>"; };
		62C8722A1D40C88500022DA5 /* BadgeSlomo@3x.png */ = {isa = PBXFileReference; lastKnownFileType = image.png; path = "BadgeSlomo@3x.png"; sourceTree = "<group>"; };
		62C8722B1D40C88500022DA5 /* BadgeSloMoSmall.png */ = {isa = PBXFileReference; lastKnownFileType = image.png; path = BadgeSloMoSmall.png; sourceTree = "<group>"; };
		62C8722C1D40C88500022DA5 /* BadgeSloMoSmall@2x.png */ = {isa = PBXFileReference; lastKnownFileType = image.png; path = "BadgeSloMoSmall@2x.png"; sourceTree = "<group>"; };
		62C8722D1D40C88500022DA5 /* BadgeSloMoSmall@3x.png */ = {isa = PBXFileReference; lastKnownFileType = image.png; path = "BadgeSloMoSmall@3x.png"; sourceTree = "<group>"; };
		62C8722E1D40C88500022DA5 /* BadgeTimelapse.png */ = {isa = PBXFileReference; lastKnownFileType = image.png; path = BadgeTimelapse.png; sourceTree = "<group>"; };
		62C8722F1D40C88500022DA5 /* BadgeTimelapse@2x.png */ = {isa = PBXFileReference; lastKnownFileType = image.png; path = "BadgeTimelapse@2x.png"; sourceTree = "<group>"; };
		62C872301D40C88500022DA5 /* BadgeTimelapse@3x.png */ = {isa = PBXFileReference; lastKnownFileType = image.png; path = "BadgeTimelapse@3x.png"; sourceTree = "<group>"; };
		62C872311D40C88500022DA5 /* BadgeTimelapseSmall.png */ = {isa = PBXFileReference; lastKnownFileType = image.png; path = BadgeTimelapseSmall.png; sourceTree = "<group>"; };
		62C872321D40C88500022DA5 /* BadgeTimelapseSmall@2x.png */ = {isa = PBXFileReference; lastKnownFileType = image.png; path = "BadgeTimelapseSmall@2x.png"; sourceTree = "<group>"; };
		62C872331D40C88500022DA5 /* BadgeTimelapseSmall@3x.png */ = {isa = PBXFileReference; lastKnownFileType = image.png; path = "BadgeTimelapseSmall@3x.png"; sourceTree = "<group>"; };
		62C872341D40C88500022DA5 /* BadgeVideo.png */ = {isa = PBXFileReference; lastKnownFileType = image.png; path = BadgeVideo.png; sourceTree = "<group>"; };
		62C872351D40C88500022DA5 /* BadgeVideo@2x.png */ = {isa = PBXFileReference; lastKnownFileType = image.png; path = "BadgeVideo@2x.png"; sourceTree = "<group>"; };
		62C872361D40C88500022DA5 /* BadgeVideo@3x.png */ = {isa = PBXFileReference; lastKnownFileType = image.png; path = "BadgeVideo@3x.png"; sourceTree = "<group>"; };
		62C872371D40C88500022DA5 /* BadgeVideoSmall.png */ = {isa = PBXFileReference; lastKnownFileType = image.png; path = BadgeVideoSmall.png; sourceTree = "<group>"; };
		62C872381D40C88500022DA5 /* BadgeVideoSmall@2x.png */ = {isa = PBXFileReference; lastKnownFileType = image.png; path = "BadgeVideoSmall@2x.png"; sourceTree = "<group>"; };
		62C872391D40C88500022DA5 /* BadgeVideoSmall@3x.png */ = {isa = PBXFileReference; lastKnownFileType = image.png; path = "BadgeVideoSmall@3x.png"; sourceTree = "<group>"; };
		62C8723A1D40C88500022DA5 /* Checkmark.png */ = {isa = PBXFileReference; lastKnownFileType = image.png; path = Checkmark.png; sourceTree = "<group>"; };
		62C8723B1D40C88500022DA5 /* Checkmark@2x.png */ = {isa = PBXFileReference; lastKnownFileType = image.png; path = "Checkmark@2x.png"; sourceTree = "<group>"; };
		62C8723C1D40C88500022DA5 /* Checkmark@3x.png */ = {isa = PBXFileReference; lastKnownFileType = image.png; path = "Checkmark@3x.png"; sourceTree = "<group>"; };
		62C8723D1D40C88500022DA5 /* CheckmarkShadow.png */ = {isa = PBXFileReference; lastKnownFileType = image.png; path = CheckmarkShadow.png; sourceTree = "<group>"; };
		62C8723E1D40C88500022DA5 /* CheckmarkShadow@2x.png */ = {isa = PBXFileReference; lastKnownFileType = image.png; path = "CheckmarkShadow@2x.png"; sourceTree = "<group>"; };
		62C8723F1D40C88500022DA5 /* CheckmarkShadow@3x.png */ = {isa = PBXFileReference; lastKnownFileType = image.png; path = "CheckmarkShadow@3x.png"; sourceTree = "<group>"; };
		62C872401D40C88500022DA5 /* CheckmarkUnselected.png */ = {isa = PBXFileReference; lastKnownFileType = image.png; path = CheckmarkUnselected.png; sourceTree = "<group>"; };
		62C872411D40C88500022DA5 /* CheckmarkUnselected@2x.png */ = {isa = PBXFileReference; lastKnownFileType = image.png; path = "CheckmarkUnselected@2x.png"; sourceTree = "<group>"; };
		62C872421D40C88500022DA5 /* CheckmarkUnselected@3x.png */ = {isa = PBXFileReference; lastKnownFileType = image.png; path = "CheckmarkUnselected@3x.png"; sourceTree = "<group>"; };
		62C872431D40C88500022DA5 /* DisclosureArrow.png */ = {isa = PBXFileReference; lastKnownFileType = image.png; path = DisclosureArrow.png; sourceTree = "<group>"; };
		62C872441D40C88500022DA5 /* DisclosureArrow@2x.png */ = {isa = PBXFileReference; lastKnownFileType = image.png; path = "DisclosureArrow@2x.png"; sourceTree = "<group>"; };
		62C872451D40C88500022DA5 /* DisclosureArrow@3x.png */ = {isa = PBXFileReference; lastKnownFileType = image.png; path = "DisclosureArrow@3x.png"; sourceTree = "<group>"; };
		62C872461D40C88500022DA5 /* GridDisabledAsset.png */ = {isa = PBXFileReference; lastKnownFileType = image.png; path = GridDisabledAsset.png; sourceTree = "<group>"; };
		62C872471D40C88500022DA5 /* GridDisabledAsset@2x.png */ = {isa = PBXFileReference; lastKnownFileType = image.png; path = "GridDisabledAsset@2x.png"; sourceTree = "<group>"; };
		62C872481D40C88500022DA5 /* GridDisabledAsset@3x.png */ = {isa = PBXFileReference; lastKnownFileType = image.png; path = "GridDisabledAsset@3x.png"; sourceTree = "<group>"; };
		62C872491D40C88500022DA5 /* GridEmptyAlbum.png */ = {isa = PBXFileReference; lastKnownFileType = image.png; path = GridEmptyAlbum.png; sourceTree = "<group>"; };
		62C8724A1D40C88500022DA5 /* GridEmptyAlbum@2x.png */ = {isa = PBXFileReference; lastKnownFileType = image.png; path = "GridEmptyAlbum@2x.png"; sourceTree = "<group>"; };
		62C8724B1D40C88500022DA5 /* GridEmptyAlbum@3x.png */ = {isa = PBXFileReference; lastKnownFileType = image.png; path = "GridEmptyAlbum@3x.png"; sourceTree = "<group>"; };
		62C8724C1D40C88500022DA5 /* GridEmptyAlbumShared.png */ = {isa = PBXFileReference; lastKnownFileType = image.png; path = GridEmptyAlbumShared.png; sourceTree = "<group>"; };
		62C8724D1D40C88500022DA5 /* GridEmptyAlbumShared@2x.png */ = {isa = PBXFileReference; lastKnownFileType = image.png; path = "GridEmptyAlbumShared@2x.png"; sourceTree = "<group>"; };
		62C8724E1D40C88500022DA5 /* GridEmptyAlbumShared@3x.png */ = {isa = PBXFileReference; lastKnownFileType = image.png; path = "GridEmptyAlbumShared@3x.png"; sourceTree = "<group>"; };
		62C8724F1D40C88500022DA5 /* GridEmptyCameraRoll.png */ = {isa = PBXFileReference; lastKnownFileType = image.png; path = GridEmptyCameraRoll.png; sourceTree = "<group>"; };
		62C872501D40C88500022DA5 /* GridEmptyCameraRoll@2x.png */ = {isa = PBXFileReference; lastKnownFileType = image.png; path = "GridEmptyCameraRoll@2x.png"; sourceTree = "<group>"; };
		62C872511D40C88500022DA5 /* GridEmptyCameraRoll@3x.png */ = {isa = PBXFileReference; lastKnownFileType = image.png; path = "GridEmptyCameraRoll@3x.png"; sourceTree = "<group>"; };
		62C872521D40C88500022DA5 /* GridGradient.png */ = {isa = PBXFileReference; lastKnownFileType = image.png; path = GridGradient.png; sourceTree = "<group>"; };
		62C872531D40C88500022DA5 /* GridGradient@2x.png */ = {isa = PBXFileReference; lastKnownFileType = image.png; path = "GridGradient@2x.png"; sourceTree = "<group>"; };
		62C872541D40C88500022DA5 /* GridGradient@3x.png */ = {isa = PBXFileReference; lastKnownFileType = image.png; path = "GridGradient@3x.png"; sourceTree = "<group>"; };
		62C872551D40C88500022DA5 /* GridHiddenAlbum.png */ = {isa = PBXFileReference; lastKnownFileType = image.png; path = GridHiddenAlbum.png; sourceTree = "<group>"; };
		62C872561D40C88500022DA5 /* GridHiddenAlbum@2x.png */ = {isa = PBXFileReference; lastKnownFileType = image.png; path = "GridHiddenAlbum@2x.png"; sourceTree = "<group>"; };
		62C872571D40C88500022DA5 /* GridHiddenAlbum@3x.png */ = {isa = PBXFileReference; lastKnownFileType = image.png; path = "GridHiddenAlbum@3x.png"; sourceTree = "<group>"; };
		62C872581D40C88500022DA5 /* PauseButton.png */ = {isa = PBXFileReference; lastKnownFileType = image.png; path = PauseButton.png; sourceTree = "<group>"; };
		62C872591D40C88500022DA5 /* PauseButton@2x.png */ = {isa = PBXFileReference; lastKnownFileType = image.png; path = "PauseButton@2x.png"; sourceTree = "<group>"; };
		62C8725A1D40C88500022DA5 /* PauseButton@3x.png */ = {isa = PBXFileReference; lastKnownFileType = image.png; path = "PauseButton@3x.png"; sourceTree = "<group>"; };
		62C8725B1D40C88500022DA5 /* PlayButton.png */ = {isa = PBXFileReference; lastKnownFileType = image.png; path = PlayButton.png; sourceTree = "<group>"; };
		62C8725C1D40C88500022DA5 /* PlayButton@2x.png */ = {isa = PBXFileReference; lastKnownFileType = image.png; path = "PlayButton@2x.png"; sourceTree = "<group>"; };
		62C8725D1D40C88500022DA5 /* PlayButton@3x.png */ = {isa = PBXFileReference; lastKnownFileType = image.png; path = "PlayButton@3x.png"; sourceTree = "<group>"; };
		62C8725E1D40C88500022DA5 /* VideoPlayButtonMask.png */ = {isa = PBXFileReference; lastKnownFileType = image.png; path = VideoPlayButtonMask.png; sourceTree = "<group>"; };
		62C8725F1D40C88500022DA5 /* VideoPlayButtonMask@2x.png */ = {isa = PBXFileReference; lastKnownFileType = image.png; path = "VideoPlayButtonMask@2x.png"; sourceTree = "<group>"; };
		62C872601D40C88500022DA5 /* VideoPlayButtonMask@3x.png */ = {isa = PBXFileReference; lastKnownFileType = image.png; path = "VideoPlayButtonMask@3x.png"; sourceTree = "<group>"; };
		62C872611D40C88500022DA5 /* VideoPlayGlyphMask.png */ = {isa = PBXFileReference; lastKnownFileType = image.png; path = VideoPlayGlyphMask.png; sourceTree = "<group>"; };
		62C872621D40C88500022DA5 /* VideoPlayGlyphMask@2x.png */ = {isa = PBXFileReference; lastKnownFileType = image.png; path = "VideoPlayGlyphMask@2x.png"; sourceTree = "<group>"; };
		62C872631D40C88500022DA5 /* VideoPlayGlyphMask@3x.png */ = {isa = PBXFileReference; lastKnownFileType = image.png; path = "VideoPlayGlyphMask@3x.png"; sourceTree = "<group>"; };
		62ECA1EF1D40BE0A006B36A0 /* bg */ = {isa = PBXFileReference; lastKnownFileType = text.plist.strings; name = bg; path = bg.lproj/CTAssetsPicker.strings; sourceTree = "<group>"; };
		62ECA1F01D40BE0A006B36A0 /* cs */ = {isa = PBXFileReference; lastKnownFileType = text.plist.strings; name = cs; path = cs.lproj/CTAssetsPicker.strings; sourceTree = "<group>"; };
		62ECA1F21D40BE0A006B36A0 /* de */ = {isa = PBXFileReference; lastKnownFileType = text.plist.strings; name = de; path = de.lproj/CTAssetsPicker.strings; sourceTree = "<group>"; };
		62ECA1F31D40BE0A006B36A0 /* en */ = {isa = PBXFileReference; lastKnownFileType = text.plist.strings; name = en; path = en.lproj/CTAssetsPicker.strings; sourceTree = "<group>"; };
		62ECA1F41D40BE0A006B36A0 /* es */ = {isa = PBXFileReference; lastKnownFileType = text.plist.strings; name = es; path = es.lproj/CTAssetsPicker.strings; sourceTree = "<group>"; };
		62ECA1F51D40BE0A006B36A0 /* fr */ = {isa = PBXFileReference; lastKnownFileType = text.plist.strings; name = fr; path = fr.lproj/CTAssetsPicker.strings; sourceTree = "<group>"; };
		62ECA1F61D40BE0A006B36A0 /* hr */ = {isa = PBXFileReference; lastKnownFileType = text.plist.strings; name = hr; path = hr.lproj/CTAssetsPicker.strings; sourceTree = "<group>"; };
		62ECA1F71D40BE0A006B36A0 /* hu */ = {isa = PBXFileReference; lastKnownFileType = text.plist.strings; name = hu; path = hu.lproj/CTAssetsPicker.strings; sourceTree = "<group>"; };
		62ECA1F81D40BE0A006B36A0 /* id */ = {isa = PBXFileReference; lastKnownFileType = text.plist.strings; name = id; path = id.lproj/CTAssetsPicker.strings; sourceTree = "<group>"; };
		62ECA1FA1D40BE0A006B36A0 /* it */ = {isa = PBXFileReference; lastKnownFileType = text.plist.strings; name = it; path = it.lproj/CTAssetsPicker.strings; sourceTree = "<group>"; };
		62ECA1FB1D40BE0A006B36A0 /* ja */ = {isa = PBXFileReference; lastKnownFileType = text.plist.strings; name = ja; path = ja.lproj/CTAssetsPicker.strings; sourceTree = "<group>"; };
		62ECA1FC1D40BE0A006B36A0 /* nb */ = {isa = PBXFileReference; lastKnownFileType = text.plist.strings; name = nb; path = nb.lproj/CTAssetsPicker.strings; sourceTree = "<group>"; };
		62ECA1FD1D40BE0A006B36A0 /* nl */ = {isa = PBXFileReference; lastKnownFileType = text.plist.strings; name = nl; path = nl.lproj/CTAssetsPicker.strings; sourceTree = "<group>"; };
		62ECA1FE1D40BE0A006B36A0 /* pl */ = {isa = PBXFileReference; lastKnownFileType = text.plist.strings; name = pl; path = pl.lproj/CTAssetsPicker.strings; sourceTree = "<group>"; };
		62ECA1FF1D40BE0A006B36A0 /* pt */ = {isa = PBXFileReference; lastKnownFileType = text.plist.strings; name = pt; path = pt.lproj/CTAssetsPicker.strings; sourceTree = "<group>"; };
		62ECA2001D40BE0A006B36A0 /* ro */ = {isa = PBXFileReference; lastKnownFileType = text.plist.strings; name = ro; path = ro.lproj/CTAssetsPicker.strings; sourceTree = "<group>"; };
		62ECA2011D40BE0A006B36A0 /* ru */ = {isa = PBXFileReference; lastKnownFileType = text.plist.strings; name = ru; path = ru.lproj/CTAssetsPicker.strings; sourceTree = "<group>"; };
		62ECA2021D40BE0A006B36A0 /* sk */ = {isa = PBXFileReference; lastKnownFileType = text.plist.strings; name = sk; path = sk.lproj/CTAssetsPicker.strings; sourceTree = "<group>"; };
		62ECA2031D40BE0A006B36A0 /* sl */ = {isa = PBXFileReference; lastKnownFileType = text.plist.strings; name = sl; path = sl.lproj/CTAssetsPicker.strings; sourceTree = "<group>"; };
		62ECA2041D40BE0A006B36A0 /* sr */ = {isa = PBXFileReference; lastKnownFileType = text.plist.strings; name = sr; path = sr.lproj/CTAssetsPicker.strings; sourceTree = "<group>"; };
		62ECA2051D40BE0A006B36A0 /* tr */ = {isa = PBXFileReference; lastKnownFileType = text.plist.strings; name = tr; path = tr.lproj/CTAssetsPicker.strings; sourceTree = "<group>"; };
		62ECA2061D40BE0A006B36A0 /* zh */ = {isa = PBXFileReference; lastKnownFileType = text.plist.strings; name = zh; path = zh.lproj/CTAssetsPicker.strings; sourceTree = "<group>"; };
/* End PBXFileReference section */

/* Begin PBXFrameworksBuildPhase section */
		62889F071D3E54F400F217BD /* Frameworks */ = {
			isa = PBXFrameworksBuildPhase;
			buildActionMask = 2147483647;
			files = (
				62889FB91D3E59FC00F217BD /* PureLayout.framework in Frameworks */,
			);
			runOnlyForDeploymentPostprocessing = 0;
		};
/* End PBXFrameworksBuildPhase section */

/* Begin PBXGroup section */
		62889F011D3E54F400F217BD = {
			isa = PBXGroup;
			children = (
				62889FBA1D3E657800F217BD /* CTAssetsPickerController */,
				62889F0D1D3E54F400F217BD /* CTAssetsPicker */,
				62889FB71D3E59E800F217BD /* Frameworks */,
				62889F0C1D3E54F400F217BD /* Products */,
			);
			sourceTree = "<group>";
		};
		62889F0C1D3E54F400F217BD /* Products */ = {
			isa = PBXGroup;
			children = (
				62889F0B1D3E54F400F217BD /* CTAssetsPicker.framework */,
			);
			name = Products;
			sourceTree = "<group>";
		};
		62889F0D1D3E54F400F217BD /* CTAssetsPicker */ = {
			isa = PBXGroup;
			children = (
				62889F0E1D3E54F400F217BD /* CTAssetsPicker.h */,
				62889F101D3E54F400F217BD /* Info.plist */,
			);
			path = CTAssetsPicker;
			sourceTree = "<group>";
		};
		62889FB71D3E59E800F217BD /* Frameworks */ = {
			isa = PBXGroup;
			children = (
				62889FB81D3E59FC00F217BD /* PureLayout.framework */,
			);
			name = Frameworks;
			sourceTree = "<group>";
		};
		62889FBA1D3E657800F217BD /* CTAssetsPickerController */ = {
			isa = PBXGroup;
			children = (
				62ECA1ED1D40BE0A006B36A0 /* Resources */,
				62889FBB1D3E657800F217BD /* Categories */,
				62889FD01D3E657800F217BD /* CTAssetCheckmark.h */,
				62889FD11D3E657800F217BD /* CTAssetCheckmark.m */,
				62889FD21D3E657800F217BD /* CTAssetCollectionViewCell.h */,
				62889FD31D3E657800F217BD /* CTAssetCollectionViewCell.m */,
				62889FD41D3E657800F217BD /* CTAssetCollectionViewController.h */,
				62889FD51D3E657800F217BD /* CTAssetCollectionViewController.m */,
				62889FD61D3E657800F217BD /* CTAssetItemViewController.h */,
				62889FD71D3E657800F217BD /* CTAssetItemViewController.m */,
				62889FD81D3E657800F217BD /* CTAssetPlayButton.h */,
				62889FD91D3E657800F217BD /* CTAssetPlayButton.m */,
				62889FDA1D3E657800F217BD /* CTAssetScrollView.h */,
				62889FDB1D3E657800F217BD /* CTAssetScrollView.m */,
				62889FDC1D3E657800F217BD /* CTAssetSelectionButton.h */,
				62889FDD1D3E657800F217BD /* CTAssetSelectionButton.m */,
				62889FDE1D3E657800F217BD /* CTAssetSelectionLabel.h */,
				62889FDF1D3E657800F217BD /* CTAssetSelectionLabel.m */,
				62889FE01D3E657800F217BD /* CTAssetsGridSelectedView.h */,
				62889FE11D3E657800F217BD /* CTAssetsGridSelectedView.m */,
				62889FE21D3E657800F217BD /* CTAssetsGridView.h */,
				62889FE31D3E657800F217BD /* CTAssetsGridView.m */,
				62889FE41D3E657800F217BD /* CTAssetsGridViewCell.h */,
				62889FE51D3E657800F217BD /* CTAssetsGridViewCell.m */,
				62889FE61D3E657800F217BD /* CTAssetsGridViewController.h */,
				62889FE71D3E657800F217BD /* CTAssetsGridViewController.m */,
				62889FE81D3E657800F217BD /* CTAssetsGridViewFooter.h */,
				62889FE91D3E657800F217BD /* CTAssetsGridViewFooter.m */,
				62889FEA1D3E657800F217BD /* CTAssetsGridViewLayout.h */,
				62889FEB1D3E657800F217BD /* CTAssetsGridViewLayout.m */,
				62889FEC1D3E657800F217BD /* CTAssetsNavigationController.h */,
				62889FED1D3E657800F217BD /* CTAssetsNavigationController.m */,
				62889FEE1D3E657800F217BD /* CTAssetsPageView.h */,
				62889FEF1D3E657800F217BD /* CTAssetsPageView.m */,
				62889FF01D3E657800F217BD /* CTAssetsPageViewController.h */,
				62889FF11D3E657800F217BD /* CTAssetsPageViewController.m */,
				62889FF21D3E657800F217BD /* CTAssetsPickerAccessDeniedView.h */,
				62889FF31D3E657800F217BD /* CTAssetsPickerAccessDeniedView.m */,
				62889FF41D3E657800F217BD /* CTAssetsPickerController.h */,
				62889FF51D3E657800F217BD /* CTAssetsPickerController.m */,
				62889FF61D3E657800F217BD /* CTAssetsPickerDefines.h */,
				62889FF71D3E657800F217BD /* CTAssetsPickerNoAssetsView.h */,
				62889FF81D3E657800F217BD /* CTAssetsPickerNoAssetsView.m */,
				62889FF91D3E657800F217BD /* CTAssetsViewControllerTransition.h */,
				62889FFA1D3E657800F217BD /* CTAssetsViewControllerTransition.m */,
				62889FFB1D3E657800F217BD /* CTAssetThumbnailOverlay.h */,
				62889FFC1D3E657800F217BD /* CTAssetThumbnailOverlay.m */,
				62889FFD1D3E657800F217BD /* CTAssetThumbnailStacks.h */,
				62889FFE1D3E657800F217BD /* CTAssetThumbnailStacks.m */,
				62889FFF1D3E657800F217BD /* CTAssetThumbnailView.h */,
				6288A0001D3E657800F217BD /* CTAssetThumbnailView.m */,
			);
			path = CTAssetsPickerController;
			sourceTree = "<group>";
		};
		62889FBB1D3E657800F217BD /* Categories */ = {
			isa = PBXGroup;
			children = (
				62889FBC1D3E657800F217BD /* CTAssetsPageViewController+Internal.h */,
				62889FBD1D3E657800F217BD /* CTAssetsPickerController+Internal.h */,
				62889FBE1D3E657800F217BD /* NSBundle+CTAssetsPickerController.h */,
				62889FBF1D3E657800F217BD /* NSBundle+CTAssetsPickerController.m */,
				62889FC01D3E657800F217BD /* NSDateFormatter+CTAssetsPickerController.h */,
				62889FC11D3E657800F217BD /* NSDateFormatter+CTAssetsPickerController.m */,
				62889FC21D3E657800F217BD /* NSIndexSet+CTAssetsPickerController.h */,
				62889FC31D3E657800F217BD /* NSIndexSet+CTAssetsPickerController.m */,
				62889FC41D3E657800F217BD /* NSNumberFormatter+CTAssetsPickerController.h */,
				62889FC51D3E657800F217BD /* NSNumberFormatter+CTAssetsPickerController.m */,
				62889FC61D3E657800F217BD /* PHAsset+CTAssetsPickerController.h */,
				62889FC71D3E657800F217BD /* PHAsset+CTAssetsPickerController.m */,
				62889FC81D3E657800F217BD /* PHAssetCollection+CTAssetsPickerController.h */,
				62889FC91D3E657800F217BD /* PHAssetCollection+CTAssetsPickerController.m */,
				62889FCA1D3E657800F217BD /* PHImageManager+CTAssetsPickerController.h */,
				62889FCB1D3E657800F217BD /* PHImageManager+CTAssetsPickerController.m */,
				62889FCC1D3E657800F217BD /* UICollectionView+CTAssetsPickerController.h */,
				62889FCD1D3E657800F217BD /* UICollectionView+CTAssetsPickerController.m */,
				62889FCE1D3E657800F217BD /* UIImage+CTAssetsPickerController.h */,
				62889FCF1D3E657800F217BD /* UIImage+CTAssetsPickerController.m */,
			);
			path = Categories;
			sourceTree = "<group>";
		};
		62C8720C1D40C88500022DA5 /* Images */ = {
			isa = PBXGroup;
			children = (
				62C8720D1D40C88500022DA5 /* AccessDeniedViewLock.png */,
				62C8720E1D40C88500022DA5 /* AccessDeniedViewLock@2x.png */,
				62C8720F1D40C88500022DA5 /* AccessDeniedViewLock@3x.png */,
				62C872101D40C88500022DA5 /* BadgeAllPhotos.png */,
				62C872111D40C88500022DA5 /* BadgeAllPhotos@2x.png */,
				62C872121D40C88500022DA5 /* BadgeAllPhotos@3x.png */,
				62C872131D40C88500022DA5 /* BadgeBurst.png */,
				62C872141D40C88500022DA5 /* BadgeBurst@2x.png */,
				62C872151D40C88500022DA5 /* BadgeBurst@3x.png */,
				62C872161D40C88500022DA5 /* BadgeFavorites.png */,
				62C872171D40C88500022DA5 /* BadgeFavorites@2x.png */,
				62C872181D40C88500022DA5 /* BadgeFavorites@3x.png */,
				62C872191D40C88500022DA5 /* BadgeLastImport.png */,
				62C8721A1D40C88500022DA5 /* BadgeLastImport@2x.png */,
				62C8721B1D40C88500022DA5 /* BadgeLastImport@3x.png */,
				62C8721C1D40C88500022DA5 /* BadgePanorama.png */,
				62C8721D1D40C88500022DA5 /* BadgePanorama@2x.png */,
				62C8721E1D40C88500022DA5 /* BadgePanorama@3x.png */,
				62C8721F1D40C88500022DA5 /* BadgeRecentlyDeleted.png */,
				62C872201D40C88500022DA5 /* BadgeRecentlyDeleted@2x.png */,
				62C872211D40C88500022DA5 /* BadgeRecentlyDeleted@3x.png */,
				62C872221D40C88500022DA5 /* BadgeScreenshots.png */,
				62C872231D40C88500022DA5 /* BadgeScreenshots@2x.png */,
				62C872241D40C88500022DA5 /* BadgeScreenshots@3x.png */,
				62C872251D40C88500022DA5 /* BadgeSelfPortraits.png */,
				62C872261D40C88500022DA5 /* BadgeSelfPortraits@2x.png */,
				62C872271D40C88500022DA5 /* BadgeSelfPortraits@3x.png */,
				62C872281D40C88500022DA5 /* BadgeSlomo.png */,
				62C872291D40C88500022DA5 /* BadgeSlomo@2x.png */,
				62C8722A1D40C88500022DA5 /* BadgeSlomo@3x.png */,
				62C8722B1D40C88500022DA5 /* BadgeSloMoSmall.png */,
				62C8722C1D40C88500022DA5 /* BadgeSloMoSmall@2x.png */,
				62C8722D1D40C88500022DA5 /* BadgeSloMoSmall@3x.png */,
				62C8722E1D40C88500022DA5 /* BadgeTimelapse.png */,
				62C8722F1D40C88500022DA5 /* BadgeTimelapse@2x.png */,
				62C872301D40C88500022DA5 /* BadgeTimelapse@3x.png */,
				62C872311D40C88500022DA5 /* BadgeTimelapseSmall.png */,
				62C872321D40C88500022DA5 /* BadgeTimelapseSmall@2x.png */,
				62C872331D40C88500022DA5 /* BadgeTimelapseSmall@3x.png */,
				62C872341D40C88500022DA5 /* BadgeVideo.png */,
				62C872351D40C88500022DA5 /* BadgeVideo@2x.png */,
				62C872361D40C88500022DA5 /* BadgeVideo@3x.png */,
				62C872371D40C88500022DA5 /* BadgeVideoSmall.png */,
				62C872381D40C88500022DA5 /* BadgeVideoSmall@2x.png */,
				62C872391D40C88500022DA5 /* BadgeVideoSmall@3x.png */,
				62C8723A1D40C88500022DA5 /* Checkmark.png */,
				62C8723B1D40C88500022DA5 /* Checkmark@2x.png */,
				62C8723C1D40C88500022DA5 /* Checkmark@3x.png */,
				62C8723D1D40C88500022DA5 /* CheckmarkShadow.png */,
				62C8723E1D40C88500022DA5 /* CheckmarkShadow@2x.png */,
				62C8723F1D40C88500022DA5 /* CheckmarkShadow@3x.png */,
				62C872401D40C88500022DA5 /* CheckmarkUnselected.png */,
				62C872411D40C88500022DA5 /* CheckmarkUnselected@2x.png */,
				62C872421D40C88500022DA5 /* CheckmarkUnselected@3x.png */,
				62C872431D40C88500022DA5 /* DisclosureArrow.png */,
				62C872441D40C88500022DA5 /* DisclosureArrow@2x.png */,
				62C872451D40C88500022DA5 /* DisclosureArrow@3x.png */,
				62C872461D40C88500022DA5 /* GridDisabledAsset.png */,
				62C872471D40C88500022DA5 /* GridDisabledAsset@2x.png */,
				62C872481D40C88500022DA5 /* GridDisabledAsset@3x.png */,
				62C872491D40C88500022DA5 /* GridEmptyAlbum.png */,
				62C8724A1D40C88500022DA5 /* GridEmptyAlbum@2x.png */,
				62C8724B1D40C88500022DA5 /* GridEmptyAlbum@3x.png */,
				62C8724C1D40C88500022DA5 /* GridEmptyAlbumShared.png */,
				62C8724D1D40C88500022DA5 /* GridEmptyAlbumShared@2x.png */,
				62C8724E1D40C88500022DA5 /* GridEmptyAlbumShared@3x.png */,
				62C8724F1D40C88500022DA5 /* GridEmptyCameraRoll.png */,
				62C872501D40C88500022DA5 /* GridEmptyCameraRoll@2x.png */,
				62C872511D40C88500022DA5 /* GridEmptyCameraRoll@3x.png */,
				62C872521D40C88500022DA5 /* GridGradient.png */,
				62C872531D40C88500022DA5 /* GridGradient@2x.png */,
				62C872541D40C88500022DA5 /* GridGradient@3x.png */,
				62C872551D40C88500022DA5 /* GridHiddenAlbum.png */,
				62C872561D40C88500022DA5 /* GridHiddenAlbum@2x.png */,
				62C872571D40C88500022DA5 /* GridHiddenAlbum@3x.png */,
				62C872581D40C88500022DA5 /* PauseButton.png */,
				62C872591D40C88500022DA5 /* PauseButton@2x.png */,
				62C8725A1D40C88500022DA5 /* PauseButton@3x.png */,
				62C8725B1D40C88500022DA5 /* PlayButton.png */,
				62C8725C1D40C88500022DA5 /* PlayButton@2x.png */,
				62C8725D1D40C88500022DA5 /* PlayButton@3x.png */,
				62C8725E1D40C88500022DA5 /* VideoPlayButtonMask.png */,
				62C8725F1D40C88500022DA5 /* VideoPlayButtonMask@2x.png */,
				62C872601D40C88500022DA5 /* VideoPlayButtonMask@3x.png */,
				62C872611D40C88500022DA5 /* VideoPlayGlyphMask.png */,
				62C872621D40C88500022DA5 /* VideoPlayGlyphMask@2x.png */,
				62C872631D40C88500022DA5 /* VideoPlayGlyphMask@3x.png */,
			);
			path = Images;
			sourceTree = "<group>";
		};
		62ECA1ED1D40BE0A006B36A0 /* Resources */ = {
			isa = PBXGroup;
			children = (
				62C8720C1D40C88500022DA5 /* Images */,
				62ECA1EE1D40BE0A006B36A0 /* CTAssetsPicker.strings */,
			);
			path = Resources;
			sourceTree = "<group>";
		};
/* End PBXGroup section */

/* Begin PBXHeadersBuildPhase section */
		62889F081D3E54F400F217BD /* Headers */ = {
			isa = PBXHeadersBuildPhase;
			buildActionMask = 2147483647;
			files = (
				6288A0501D3E657800F217BD /* CTAssetsPickerAccessDeniedView.h in Headers */,
				6288A0281D3E657800F217BD /* PHImageManager+CTAssetsPickerController.h in Headers */,
				6288A0441D3E657800F217BD /* CTAssetsGridViewController.h in Headers */,
				6288A01B1D3E657800F217BD /* CTAssetsPickerController+Internal.h in Headers */,
				6288A02A1D3E657800F217BD /* UICollectionView+CTAssetsPickerController.h in Headers */,
				6288A03E1D3E657800F217BD /* CTAssetsGridSelectedView.h in Headers */,
				6288A0571D3E657800F217BD /* CTAssetsViewControllerTransition.h in Headers */,
				6288A0321D3E657800F217BD /* CTAssetCollectionViewController.h in Headers */,
				6288A0361D3E657800F217BD /* CTAssetPlayButton.h in Headers */,
				6288A0301D3E657800F217BD /* CTAssetCollectionViewCell.h in Headers */,
				6288A05D1D3E657800F217BD /* CTAssetThumbnailView.h in Headers */,
				6288A0421D3E657800F217BD /* CTAssetsGridViewCell.h in Headers */,
				6288A0201D3E657800F217BD /* NSIndexSet+CTAssetsPickerController.h in Headers */,
				6288A0341D3E657800F217BD /* CTAssetItemViewController.h in Headers */,
				6288A0381D3E657800F217BD /* CTAssetScrollView.h in Headers */,
				6288A03A1D3E657800F217BD /* CTAssetSelectionButton.h in Headers */,
				6288A03C1D3E657800F217BD /* CTAssetSelectionLabel.h in Headers */,
				6288A04A1D3E657800F217BD /* CTAssetsNavigationController.h in Headers */,
				6288A02C1D3E657800F217BD /* UIImage+CTAssetsPickerController.h in Headers */,
				62889F0F1D3E54F400F217BD /* CTAssetsPicker.h in Headers */,
				6288A0521D3E657800F217BD /* CTAssetsPickerController.h in Headers */,
				6288A0541D3E657800F217BD /* CTAssetsPickerDefines.h in Headers */,
				6288A0241D3E657800F217BD /* PHAsset+CTAssetsPickerController.h in Headers */,
				6288A05B1D3E657800F217BD /* CTAssetThumbnailStacks.h in Headers */,
				6288A0221D3E657800F217BD /* NSNumberFormatter+CTAssetsPickerController.h in Headers */,
				6288A0551D3E657800F217BD /* CTAssetsPickerNoAssetsView.h in Headers */,
				6288A0591D3E657800F217BD /* CTAssetThumbnailOverlay.h in Headers */,
				6288A01A1D3E657800F217BD /* CTAssetsPageViewController+Internal.h in Headers */,
				6288A04E1D3E657800F217BD /* CTAssetsPageViewController.h in Headers */,
				6288A0481D3E657800F217BD /* CTAssetsGridViewLayout.h in Headers */,
				6288A02E1D3E657800F217BD /* CTAssetCheckmark.h in Headers */,
				6288A0461D3E657800F217BD /* CTAssetsGridViewFooter.h in Headers */,
				6288A0261D3E657800F217BD /* PHAssetCollection+CTAssetsPickerController.h in Headers */,
				6288A01E1D3E657800F217BD /* NSDateFormatter+CTAssetsPickerController.h in Headers */,
				6288A01C1D3E657800F217BD /* NSBundle+CTAssetsPickerController.h in Headers */,
				6288A04C1D3E657800F217BD /* CTAssetsPageView.h in Headers */,
				6288A0401D3E657800F217BD /* CTAssetsGridView.h in Headers */,
			);
			runOnlyForDeploymentPostprocessing = 0;
		};
/* End PBXHeadersBuildPhase section */

/* Begin PBXNativeTarget section */
		62889F0A1D3E54F400F217BD /* CTAssetsPicker */ = {
			isa = PBXNativeTarget;
			buildConfigurationList = 62889F131D3E54F400F217BD /* Build configuration list for PBXNativeTarget "CTAssetsPicker" */;
			buildPhases = (
				62889F061D3E54F400F217BD /* Sources */,
				62889F071D3E54F400F217BD /* Frameworks */,
				62889F081D3E54F400F217BD /* Headers */,
				62889F091D3E54F400F217BD /* Resources */,
			);
			buildRules = (
			);
			dependencies = (
			);
			name = CTAssetsPicker;
			productName = CTAssetsPicker;
			productReference = 62889F0B1D3E54F400F217BD /* CTAssetsPicker.framework */;
			productType = "com.apple.product-type.framework";
		};
/* End PBXNativeTarget section */

/* Begin PBXProject section */
		62889F021D3E54F400F217BD /* Project object */ = {
			isa = PBXProject;
			attributes = {
				LastUpgradeCheck = 0730;
				TargetAttributes = {
					62889F0A1D3E54F400F217BD = {
						CreatedOnToolsVersion = 7.3.1;
					};
				};
			};
			buildConfigurationList = 62889F051D3E54F400F217BD /* Build configuration list for PBXProject "CTAssetsPicker" */;
			compatibilityVersion = "Xcode 3.2";
			developmentRegion = English;
			hasScannedForEncodings = 0;
			knownRegions = (
				en,
				ar,
				da,
				de,
				"es-MX",
				es,
				fi,
				fr,
				he,
				"hi-IN",
				id,
				it,
				ja,
				ko,
				"pt-PT",
				pt,
				ru,
				"zh-Hans",
				"zh-Hant",
				bg,
				cs,
				hr,
				hu,
				nb,
				nl,
				pl,
				ro,
				sk,
				sl,
				sr,
				tr,
				zh,
			);
			mainGroup = 62889F011D3E54F400F217BD;
			productRefGroup = 62889F0C1D3E54F400F217BD /* Products */;
			projectDirPath = "";
			projectRoot = "";
			targets = (
				62889F0A1D3E54F400F217BD /* CTAssetsPicker */,
			);
		};
/* End PBXProject section */

/* Begin PBXResourcesBuildPhase section */
		62889F091D3E54F400F217BD /* Resources */ = {
			isa = PBXResourcesBuildPhase;
			buildActionMask = 2147483647;
			files = (
				62C8727A1D40C88500022DA5 /* BadgeScreenshots@2x.png in Resources */,
				62C872701D40C88500022DA5 /* BadgeLastImport.png in Resources */,
				62C872991D40C88500022DA5 /* CheckmarkUnselected@3x.png in Resources */,
				62C872661D40C88500022DA5 /* AccessDeniedViewLock@3x.png in Resources */,
				62C872651D40C88500022DA5 /* AccessDeniedViewLock@2x.png in Resources */,
				62C872981D40C88500022DA5 /* CheckmarkUnselected@2x.png in Resources */,
				62C8727E1D40C88500022DA5 /* BadgeSelfPortraits@3x.png in Resources */,
				62C872AE1D40C88500022DA5 /* GridHiddenAlbum@3x.png in Resources */,
				62C872A01D40C88500022DA5 /* GridEmptyAlbum.png in Resources */,
				62C8729B1D40C88500022DA5 /* DisclosureArrow@2x.png in Resources */,
				62C8729D1D40C88500022DA5 /* GridDisabledAsset.png in Resources */,
				62C8728E1D40C88500022DA5 /* BadgeVideoSmall.png in Resources */,
				62C872921D40C88500022DA5 /* Checkmark@2x.png in Resources */,
				62C8729C1D40C88500022DA5 /* DisclosureArrow@3x.png in Resources */,
				62C8726F1D40C88500022DA5 /* BadgeFavorites@3x.png in Resources */,
				62C872641D40C88500022DA5 /* AccessDeniedViewLock.png in Resources */,
				62C872671D40C88500022DA5 /* BadgeAllPhotos.png in Resources */,
				62C872B41D40C88500022DA5 /* PlayButton@3x.png in Resources */,
				62C872721D40C88500022DA5 /* BadgeLastImport@3x.png in Resources */,
				62C872961D40C88500022DA5 /* CheckmarkShadow@3x.png in Resources */,
				62C872B21D40C88500022DA5 /* PlayButton.png in Resources */,
				62C872971D40C88500022DA5 /* CheckmarkUnselected.png in Resources */,
				62C872A41D40C88500022DA5 /* GridEmptyAlbumShared@2x.png in Resources */,
				62C8726D1D40C88500022DA5 /* BadgeFavorites.png in Resources */,
				62C872B81D40C88500022DA5 /* VideoPlayGlyphMask.png in Resources */,
				62C872A31D40C88500022DA5 /* GridEmptyAlbumShared.png in Resources */,
				62C8726A1D40C88500022DA5 /* BadgeBurst.png in Resources */,
				62ECA2071D40BE0A006B36A0 /* CTAssetsPicker.strings in Resources */,
				62C8727F1D40C88500022DA5 /* BadgeSlomo.png in Resources */,
				62C872A11D40C88500022DA5 /* GridEmptyAlbum@2x.png in Resources */,
				62C872751D40C88500022DA5 /* BadgePanorama@3x.png in Resources */,
				62C872781D40C88500022DA5 /* BadgeRecentlyDeleted@3x.png in Resources */,
				62C872B71D40C88500022DA5 /* VideoPlayButtonMask@3x.png in Resources */,
				62C872791D40C88500022DA5 /* BadgeScreenshots.png in Resources */,
				62C8728A1D40C88500022DA5 /* BadgeTimelapseSmall@3x.png in Resources */,
				62C872891D40C88500022DA5 /* BadgeTimelapseSmall@2x.png in Resources */,
				62C872761D40C88500022DA5 /* BadgeRecentlyDeleted.png in Resources */,
				62C872B01D40C88500022DA5 /* PauseButton@2x.png in Resources */,
				62C872AB1D40C88500022DA5 /* GridGradient@3x.png in Resources */,
				62C872AF1D40C88500022DA5 /* PauseButton.png in Resources */,
				62C872B11D40C88500022DA5 /* PauseButton@3x.png in Resources */,
				62C872941D40C88500022DA5 /* CheckmarkShadow.png in Resources */,
				62C872A61D40C88500022DA5 /* GridEmptyCameraRoll.png in Resources */,
				62C872A91D40C88500022DA5 /* GridGradient.png in Resources */,
				62C872BA1D40C88500022DA5 /* VideoPlayGlyphMask@3x.png in Resources */,
				62C872871D40C88500022DA5 /* BadgeTimelapse@3x.png in Resources */,
				62C872901D40C88500022DA5 /* BadgeVideoSmall@3x.png in Resources */,
				62C872811D40C88500022DA5 /* BadgeSlomo@3x.png in Resources */,
				62C872711D40C88500022DA5 /* BadgeLastImport@2x.png in Resources */,
				62C8729A1D40C88500022DA5 /* DisclosureArrow.png in Resources */,
				62C872911D40C88500022DA5 /* Checkmark.png in Resources */,
				62C872881D40C88500022DA5 /* BadgeTimelapseSmall.png in Resources */,
				62C872691D40C88500022DA5 /* BadgeAllPhotos@3x.png in Resources */,
				62C872A51D40C88500022DA5 /* GridEmptyAlbumShared@3x.png in Resources */,
				62C872AC1D40C88500022DA5 /* GridHiddenAlbum.png in Resources */,
				62C872931D40C88500022DA5 /* Checkmark@3x.png in Resources */,
				62C872B51D40C88500022DA5 /* VideoPlayButtonMask.png in Resources */,
				62C872841D40C88500022DA5 /* BadgeSloMoSmall@3x.png in Resources */,
				62C872B91D40C88500022DA5 /* VideoPlayGlyphMask@2x.png in Resources */,
				62C872801D40C88500022DA5 /* BadgeSlomo@2x.png in Resources */,
				62C8726E1D40C88500022DA5 /* BadgeFavorites@2x.png in Resources */,
				62C8728D1D40C88500022DA5 /* BadgeVideo@3x.png in Resources */,
				62C872831D40C88500022DA5 /* BadgeSloMoSmall@2x.png in Resources */,
				62C872771D40C88500022DA5 /* BadgeRecentlyDeleted@2x.png in Resources */,
				62C872B61D40C88500022DA5 /* VideoPlayButtonMask@2x.png in Resources */,
				62C872951D40C88500022DA5 /* CheckmarkShadow@2x.png in Resources */,
				62C872741D40C88500022DA5 /* BadgePanorama@2x.png in Resources */,
				62C8729F1D40C88500022DA5 /* GridDisabledAsset@3x.png in Resources */,
				62C872681D40C88500022DA5 /* BadgeAllPhotos@2x.png in Resources */,
				62C8728B1D40C88500022DA5 /* BadgeVideo.png in Resources */,
				62C8726C1D40C88500022DA5 /* BadgeBurst@3x.png in Resources */,
				62C8726B1D40C88500022DA5 /* BadgeBurst@2x.png in Resources */,
				62C8728F1D40C88500022DA5 /* BadgeVideoSmall@2x.png in Resources */,
				62C872861D40C88500022DA5 /* BadgeTimelapse@2x.png in Resources */,
				62C8727D1D40C88500022DA5 /* BadgeSelfPortraits@2x.png in Resources */,
				62C872B31D40C88500022DA5 /* PlayButton@2x.png in Resources */,
				62C8728C1D40C88500022DA5 /* BadgeVideo@2x.png in Resources */,
				62C872A21D40C88500022DA5 /* GridEmptyAlbum@3x.png in Resources */,
				62C872851D40C88500022DA5 /* BadgeTimelapse.png in Resources */,
				62C872A81D40C88500022DA5 /* GridEmptyCameraRoll@3x.png in Resources */,
				62C872821D40C88500022DA5 /* BadgeSloMoSmall.png in Resources */,
				62C8727B1D40C88500022DA5 /* BadgeScreenshots@3x.png in Resources */,
				62C872AD1D40C88500022DA5 /* GridHiddenAlbum@2x.png in Resources */,
				62C8727C1D40C88500022DA5 /* BadgeSelfPortraits.png in Resources */,
				62C872AA1D40C88500022DA5 /* GridGradient@2x.png in Resources */,
				62C872A71D40C88500022DA5 /* GridEmptyCameraRoll@2x.png in Resources */,
				62C872731D40C88500022DA5 /* BadgePanorama.png in Resources */,
				62C8729E1D40C88500022DA5 /* GridDisabledAsset@2x.png in Resources */,
			);
			runOnlyForDeploymentPostprocessing = 0;
		};
/* End PBXResourcesBuildPhase section */

/* Begin PBXSourcesBuildPhase section */
		62889F061D3E54F400F217BD /* Sources */ = {
			isa = PBXSourcesBuildPhase;
			buildActionMask = 2147483647;
			files = (
				6288A0231D3E657800F217BD /* NSNumberFormatter+CTAssetsPickerController.m in Sources */,
				6288A0511D3E657800F217BD /* CTAssetsPickerAccessDeniedView.m in Sources */,
				6288A04F1D3E657800F217BD /* CTAssetsPageViewController.m in Sources */,
				6288A0491D3E657800F217BD /* CTAssetsGridViewLayout.m in Sources */,
				6288A03F1D3E657800F217BD /* CTAssetsGridSelectedView.m in Sources */,
				6288A0451D3E657800F217BD /* CTAssetsGridViewController.m in Sources */,
				6288A0371D3E657800F217BD /* CTAssetPlayButton.m in Sources */,
				6288A01D1D3E657800F217BD /* NSBundle+CTAssetsPickerController.m in Sources */,
				6288A02D1D3E657800F217BD /* UIImage+CTAssetsPickerController.m in Sources */,
				6288A02F1D3E657800F217BD /* CTAssetCheckmark.m in Sources */,
				6288A0351D3E657800F217BD /* CTAssetItemViewController.m in Sources */,
				6288A02B1D3E657800F217BD /* UICollectionView+CTAssetsPickerController.m in Sources */,
				6288A0431D3E657800F217BD /* CTAssetsGridViewCell.m in Sources */,
				6288A0291D3E657800F217BD /* PHImageManager+CTAssetsPickerController.m in Sources */,
				6288A0471D3E657800F217BD /* CTAssetsGridViewFooter.m in Sources */,
				6288A0561D3E657800F217BD /* CTAssetsPickerNoAssetsView.m in Sources */,
				6288A0331D3E657800F217BD /* CTAssetCollectionViewController.m in Sources */,
				6288A05A1D3E657800F217BD /* CTAssetThumbnailOverlay.m in Sources */,
				6288A0581D3E657800F217BD /* CTAssetsViewControllerTransition.m in Sources */,
				6288A0211D3E657800F217BD /* NSIndexSet+CTAssetsPickerController.m in Sources */,
				6288A04D1D3E657800F217BD /* CTAssetsPageView.m in Sources */,
				6288A05E1D3E657800F217BD /* CTAssetThumbnailView.m in Sources */,
				6288A04B1D3E657800F217BD /* CTAssetsNavigationController.m in Sources */,
				6288A01F1D3E657800F217BD /* NSDateFormatter+CTAssetsPickerController.m in Sources */,
				6288A05C1D3E657800F217BD /* CTAssetThumbnailStacks.m in Sources */,
				6288A0391D3E657800F217BD /* CTAssetScrollView.m in Sources */,
				6288A03B1D3E657800F217BD /* CTAssetSelectionButton.m in Sources */,
				6288A0271D3E657800F217BD /* PHAssetCollection+CTAssetsPickerController.m in Sources */,
				6288A0251D3E657800F217BD /* PHAsset+CTAssetsPickerController.m in Sources */,
				6288A03D1D3E657800F217BD /* CTAssetSelectionLabel.m in Sources */,
				6288A0531D3E657800F217BD /* CTAssetsPickerController.m in Sources */,
				6288A0311D3E657800F217BD /* CTAssetCollectionViewCell.m in Sources */,
				6288A0411D3E657800F217BD /* CTAssetsGridView.m in Sources */,
			);
			runOnlyForDeploymentPostprocessing = 0;
		};
/* End PBXSourcesBuildPhase section */

/* Begin PBXVariantGroup section */
		62ECA1EE1D40BE0A006B36A0 /* CTAssetsPicker.strings */ = {
			isa = PBXVariantGroup;
			children = (
				62ECA1EF1D40BE0A006B36A0 /* bg */,
				62ECA1F01D40BE0A006B36A0 /* cs */,
				62ECA1F21D40BE0A006B36A0 /* de */,
				62ECA1F31D40BE0A006B36A0 /* en */,
				62ECA1F41D40BE0A006B36A0 /* es */,
				62ECA1F51D40BE0A006B36A0 /* fr */,
				62ECA1F61D40BE0A006B36A0 /* hr */,
				62ECA1F71D40BE0A006B36A0 /* hu */,
				62ECA1F81D40BE0A006B36A0 /* id */,
				62ECA1FA1D40BE0A006B36A0 /* it */,
				62ECA1FB1D40BE0A006B36A0 /* ja */,
				62ECA1FC1D40BE0A006B36A0 /* nb */,
				62ECA1FD1D40BE0A006B36A0 /* nl */,
				62ECA1FE1D40BE0A006B36A0 /* pl */,
				62ECA1FF1D40BE0A006B36A0 /* pt */,
				62ECA2001D40BE0A006B36A0 /* ro */,
				62ECA2011D40BE0A006B36A0 /* ru */,
				62ECA2021D40BE0A006B36A0 /* sk */,
				62ECA2031D40BE0A006B36A0 /* sl */,
				62ECA2041D40BE0A006B36A0 /* sr */,
				62ECA2051D40BE0A006B36A0 /* tr */,
				62ECA2061D40BE0A006B36A0 /* zh */,
			);
			name = CTAssetsPicker.strings;
			sourceTree = "<group>";
		};
/* End PBXVariantGroup section */

/* Begin XCBuildConfiguration section */
		62889F111D3E54F400F217BD /* Debug */ = {
			isa = XCBuildConfiguration;
			buildSettings = {
				ALWAYS_SEARCH_USER_PATHS = NO;
				CLANG_ANALYZER_NONNULL = YES;
				CLANG_CXX_LANGUAGE_STANDARD = "gnu++0x";
				CLANG_CXX_LIBRARY = "libc++";
				CLANG_ENABLE_MODULES = YES;
				CLANG_ENABLE_OBJC_ARC = YES;
				CLANG_WARN_BOOL_CONVERSION = YES;
				CLANG_WARN_CONSTANT_CONVERSION = YES;
				CLANG_WARN_DIRECT_OBJC_ISA_USAGE = YES_ERROR;
				CLANG_WARN_EMPTY_BODY = YES;
				CLANG_WARN_ENUM_CONVERSION = YES;
				CLANG_WARN_INT_CONVERSION = YES;
				CLANG_WARN_OBJC_ROOT_CLASS = YES_ERROR;
				CLANG_WARN_UNREACHABLE_CODE = YES;
				CLANG_WARN__DUPLICATE_METHOD_MATCH = YES;
				"CODE_SIGN_IDENTITY[sdk=iphoneos*]" = "iPhone Developer";
				COPY_PHASE_STRIP = NO;
				CURRENT_PROJECT_VERSION = 1;
				DEBUG_INFORMATION_FORMAT = dwarf;
				ENABLE_STRICT_OBJC_MSGSEND = YES;
				ENABLE_TESTABILITY = YES;
				GCC_C_LANGUAGE_STANDARD = gnu99;
				GCC_DYNAMIC_NO_PIC = NO;
				GCC_NO_COMMON_BLOCKS = YES;
				GCC_OPTIMIZATION_LEVEL = 0;
				GCC_PREPROCESSOR_DEFINITIONS = (
					"DEBUG=1",
					"$(inherited)",
				);
				GCC_WARN_64_TO_32_BIT_CONVERSION = YES;
				GCC_WARN_ABOUT_RETURN_TYPE = YES_ERROR;
				GCC_WARN_UNDECLARED_SELECTOR = YES;
				GCC_WARN_UNINITIALIZED_AUTOS = YES_AGGRESSIVE;
				GCC_WARN_UNUSED_FUNCTION = YES;
				GCC_WARN_UNUSED_VARIABLE = YES;
				IPHONEOS_DEPLOYMENT_TARGET = 9.3;
				MTL_ENABLE_DEBUG_INFO = YES;
				ONLY_ACTIVE_ARCH = YES;
				SDKROOT = iphoneos;
				TARGETED_DEVICE_FAMILY = "1,2";
				VERSIONING_SYSTEM = "apple-generic";
				VERSION_INFO_PREFIX = "";
			};
			name = Debug;
		};
		62889F121D3E54F400F217BD /* Release */ = {
			isa = XCBuildConfiguration;
			buildSettings = {
				ALWAYS_SEARCH_USER_PATHS = NO;
				CLANG_ANALYZER_NONNULL = YES;
				CLANG_CXX_LANGUAGE_STANDARD = "gnu++0x";
				CLANG_CXX_LIBRARY = "libc++";
				CLANG_ENABLE_MODULES = YES;
				CLANG_ENABLE_OBJC_ARC = YES;
				CLANG_WARN_BOOL_CONVERSION = YES;
				CLANG_WARN_CONSTANT_CONVERSION = YES;
				CLANG_WARN_DIRECT_OBJC_ISA_USAGE = YES_ERROR;
				CLANG_WARN_EMPTY_BODY = YES;
				CLANG_WARN_ENUM_CONVERSION = YES;
				CLANG_WARN_INT_CONVERSION = YES;
				CLANG_WARN_OBJC_ROOT_CLASS = YES_ERROR;
				CLANG_WARN_UNREACHABLE_CODE = YES;
				CLANG_WARN__DUPLICATE_METHOD_MATCH = YES;
				"CODE_SIGN_IDENTITY[sdk=iphoneos*]" = "iPhone Developer";
				COPY_PHASE_STRIP = NO;
				CURRENT_PROJECT_VERSION = 1;
				DEBUG_INFORMATION_FORMAT = "dwarf-with-dsym";
				ENABLE_NS_ASSERTIONS = NO;
				ENABLE_STRICT_OBJC_MSGSEND = YES;
				GCC_C_LANGUAGE_STANDARD = gnu99;
				GCC_NO_COMMON_BLOCKS = YES;
				GCC_WARN_64_TO_32_BIT_CONVERSION = YES;
				GCC_WARN_ABOUT_RETURN_TYPE = YES_ERROR;
				GCC_WARN_UNDECLARED_SELECTOR = YES;
				GCC_WARN_UNINITIALIZED_AUTOS = YES_AGGRESSIVE;
				GCC_WARN_UNUSED_FUNCTION = YES;
				GCC_WARN_UNUSED_VARIABLE = YES;
				IPHONEOS_DEPLOYMENT_TARGET = 9.3;
				MTL_ENABLE_DEBUG_INFO = NO;
				SDKROOT = iphoneos;
				TARGETED_DEVICE_FAMILY = "1,2";
				VALIDATE_PRODUCT = YES;
				VERSIONING_SYSTEM = "apple-generic";
				VERSION_INFO_PREFIX = "";
			};
			name = Release;
		};
		62889F141D3E54F400F217BD /* Debug */ = {
			isa = XCBuildConfiguration;
			buildSettings = {
				DEFINES_MODULE = YES;
				DYLIB_COMPATIBILITY_VERSION = 1;
				DYLIB_CURRENT_VERSION = 1;
				DYLIB_INSTALL_NAME_BASE = "@rpath";
				FRAMEWORK_SEARCH_PATHS = (
					"$(inherited)",
					"$(PROJECT_DIR)/Carthage/Build/iOS",
				);
				INFOPLIST_FILE = CTAssetsPicker/Info.plist;
				INSTALL_PATH = "$(LOCAL_LIBRARY_DIR)/Frameworks";
				LD_RUNPATH_SEARCH_PATHS = "$(inherited) @executable_path/Frameworks @loader_path/Frameworks";
				PRODUCT_BUNDLE_IDENTIFIER = com.chiunam.CTAssetsPicker;
				PRODUCT_NAME = "$(TARGET_NAME)";
				SKIP_INSTALL = YES;
			};
			name = Debug;
		};
		62889F151D3E54F400F217BD /* Release */ = {
			isa = XCBuildConfiguration;
			buildSettings = {
				DEFINES_MODULE = YES;
				DYLIB_COMPATIBILITY_VERSION = 1;
				DYLIB_CURRENT_VERSION = 1;
				DYLIB_INSTALL_NAME_BASE = "@rpath";
				FRAMEWORK_SEARCH_PATHS = (
					"$(inherited)",
					"$(PROJECT_DIR)/Carthage/Build/iOS",
				);
				INFOPLIST_FILE = CTAssetsPicker/Info.plist;
				INSTALL_PATH = "$(LOCAL_LIBRARY_DIR)/Frameworks";
				LD_RUNPATH_SEARCH_PATHS = "$(inherited) @executable_path/Frameworks @loader_path/Frameworks";
				PRODUCT_BUNDLE_IDENTIFIER = com.chiunam.CTAssetsPicker;
				PRODUCT_NAME = "$(TARGET_NAME)";
				SKIP_INSTALL = YES;
			};
			name = Release;
		};
/* End XCBuildConfiguration section */

/* Begin XCConfigurationList section */
		62889F051D3E54F400F217BD /* Build configuration list for PBXProject "CTAssetsPicker" */ = {
			isa = XCConfigurationList;
			buildConfigurations = (
				62889F111D3E54F400F217BD /* Debug */,
				62889F121D3E54F400F217BD /* Release */,
			);
			defaultConfigurationIsVisible = 0;
			defaultConfigurationName = Release;
		};
		62889F131D3E54F400F217BD /* Build configuration list for PBXNativeTarget "CTAssetsPicker" */ = {
			isa = XCConfigurationList;
			buildConfigurations = (
				62889F141D3E54F400F217BD /* Debug */,
				62889F151D3E54F400F217BD /* Release */,
			);
			defaultConfigurationIsVisible = 0;
			defaultConfigurationName = Release;
		};
/* End XCConfigurationList section */
	};
	rootObject = 62889F021D3E54F400F217BD /* Project object */;
}
